// !$*UTF8*$!
{
	archiveVersion = 1;
	classes = {
	};
	objectVersion = 46;
	objects = {

/* Begin PBXBuildFile section */
		6C02D56E1B237DC200297F52 /* COLComponentDelay.m in Sources */ = {isa = PBXBuildFile; fileRef = 6C02D56D1B237DC200297F52 /* COLComponentDelay.m */; };
		6C0D487D1AC358C2008AD869 /* COLKeyboardComponent.m in Sources */ = {isa = PBXBuildFile; fileRef = 6C0D487C1AC358C2008AD869 /* COLKeyboardComponent.m */; };
		6C1154751A8E306D005CF194 /* COLComponentIO.m in Sources */ = {isa = PBXBuildFile; fileRef = 6C1154741A8E306D005CF194 /* COLComponentIO.m */; };
		6C11547A1A8E3468005CF194 /* COLComponentLFO.m in Sources */ = {isa = PBXBuildFile; fileRef = 6C1154791A8E3468005CF194 /* COLComponentLFO.m */; };
		6C172A381ACC20F100BE1418 /* COLParameter.m in Sources */ = {isa = PBXBuildFile; fileRef = 6C172A371ACC20F100BE1418 /* COLParameter.m */; };
		6C172A4D1ACC4C3900BE1418 /* COLDiscreteParameter.m in Sources */ = {isa = PBXBuildFile; fileRef = 6C172A4B1ACC49B700BE1418 /* COLDiscreteParameter.m */; };
		6C2428891BE37D0F003AB2FF /* CCOLAudioEngine.cpp in Sources */ = {isa = PBXBuildFile; fileRef = 6C2428871BE37D0F003AB2FF /* CCOLAudioEngine.cpp */; };
		6C2A5E981A8BF5BE00ECEAB2 /* COLAudioEngine.m in Sources */ = {isa = PBXBuildFile; fileRef = 6C2A5E971A8BF5BE00ECEAB2 /* COLAudioEngine.m */; };
		6C2A5E9C1A8BF7B100ECEAB2 /* COLAudioEnvironment.m in Sources */ = {isa = PBXBuildFile; fileRef = 6C2A5E9B1A8BF7B100ECEAB2 /* COLAudioEnvironment.m */; };
		6C300BEA1AD3285C00D51544 /* COLComponentMultiples.m in Sources */ = {isa = PBXBuildFile; fileRef = 6C300BE91AD3285C00D51544 /* COLComponentMultiples.m */; };
		6C300BEE1AD336EF00D51544 /* COLComponentMixer2.m in Sources */ = {isa = PBXBuildFile; fileRef = 6C300BED1AD336EF00D51544 /* COLComponentMixer2.m */; };
		6C310D421A8D721900A97D82 /* COLComponentVCO.m in Sources */ = {isa = PBXBuildFile; fileRef = 6C310D411A8D721900A97D82 /* COLComponentVCO.m */; };
		6C3AA0881A94039500DAAC09 /* COLAudioContext.m in Sources */ = {isa = PBXBuildFile; fileRef = 6C3AA0871A94039500DAAC09 /* COLAudioContext.m */; };
		6C3D06E71BE3CC1900667BAE /* CCOLTypes.h in CopyFiles */ = {isa = PBXBuildFile; fileRef = 6C3D06E61BE3C95D00667BAE /* CCOLTypes.h */; };
		6C41E2301AA1C78800887B50 /* COLComponentEnvelope.m in Sources */ = {isa = PBXBuildFile; fileRef = 6C41E22F1AA1C78800887B50 /* COLComponentEnvelope.m */; };
		6C5A125B1BE6A9F000B1227D /* CCOLComponentParameter.cpp in Sources */ = {isa = PBXBuildFile; fileRef = 6C5A125A1BE6A9F000B1227D /* CCOLComponentParameter.cpp */; };
		6C5C5E0F1AC77AC5002BFA95 /* COLComponentVCA.m in Sources */ = {isa = PBXBuildFile; fileRef = 6C5C5E0E1AC77AC5002BFA95 /* COLComponentVCA.m */; };
		6C64D7021AD9A4A900012108 /* NSString+Random.m in Sources */ = {isa = PBXBuildFile; fileRef = 6C64D7011AD9A4A900012108 /* NSString+Random.m */; };
		6C65A4E11A8F5E42000D9192 /* COLAudioEnvironment.h in CopyFiles */ = {isa = PBXBuildFile; fileRef = 6C7B27CB1A8D57BD00AFD384 /* COLAudioEnvironment.h */; settings = {ATTRIBUTES = (CodeSignOnCopy, ); }; };
		6C65A4E61A9117CF000D9192 /* COLComponentWavePlayer.m in Sources */ = {isa = PBXBuildFile; fileRef = 6C65A4E51A9117CF000D9192 /* COLComponentWavePlayer.m */; };
		6C7458FE1AE835AE00AEC106 /* COLComponentPan.m in Sources */ = {isa = PBXBuildFile; fileRef = 6C7458FD1AE835AE00AEC106 /* COLComponentPan.m */; };
		6C7B27C41A8D560100AFD384 /* COLComponent.m in Sources */ = {isa = PBXBuildFile; fileRef = 6C7B27C31A8D560100AFD384 /* COLComponent.m */; };
		6C7B27C71A8D578F00AFD384 /* COLComponentOutput.m in Sources */ = {isa = PBXBuildFile; fileRef = 6C7B27C61A8D578F00AFD384 /* COLComponentOutput.m */; };
		6C7B27CA1A8D57AF00AFD384 /* COLComponentInput.m in Sources */ = {isa = PBXBuildFile; fileRef = 6C7B27C91A8D57AF00AFD384 /* COLComponentInput.m */; };
		6C7D47B01BE11A980092BC95 /* COLExporter.m in Sources */ = {isa = PBXBuildFile; fileRef = 6C7D47AF1BE11A980092BC95 /* COLExporter.m */; };
		6C7D48281BE215780092BC95 /* CCOLComponentIO.cpp in Sources */ = {isa = PBXBuildFile; fileRef = 6C7D48261BE215770092BC95 /* CCOLComponentIO.cpp */; };
		6C7D48AA1BE23B970092BC95 /* CCOLComponent.cpp in Sources */ = {isa = PBXBuildFile; fileRef = 6C7D48A81BE23B970092BC95 /* CCOLComponent.cpp */; };
		6C7D48BB1BE27CB00092BC95 /* CCOLComponentVCO.cpp in Sources */ = {isa = PBXBuildFile; fileRef = 6C7D48BA1BE27CB00092BC95 /* CCOLComponentVCO.cpp */; };
		6C8C15931ADC51DC0077460A /* COLComponentVCF.m in Sources */ = {isa = PBXBuildFile; fileRef = 6C8C15921ADC51DC0077460A /* COLComponentVCF.m */; };
		6C8DC6891BF32C2D00AD6836 /* CCOLComponentEG.cpp in Sources */ = {isa = PBXBuildFile; fileRef = 6C8DC6871BF32C2D00AD6836 /* CCOLComponentEG.cpp */; };
		6CB1276C1BE8E26A005FBDAD /* CCOLInterface.cpp in Sources */ = {isa = PBXBuildFile; fileRef = 6CB1276A1BE8E26A005FBDAD /* CCOLInterface.cpp */; };
		6CB1276F1BE91FBB005FBDAD /* CCOLMIDIComponent.cpp in Sources */ = {isa = PBXBuildFile; fileRef = 6CB1276D1BE91FBB005FBDAD /* CCOLMIDIComponent.cpp */; };
		6CB322EE1A9BC1110052AE50 /* COLContinuousParameter.m in Sources */ = {isa = PBXBuildFile; fileRef = 6CB322ED1A9BC1110052AE50 /* COLContinuousParameter.m */; };
		6CB62D0D1AF96E560049F760 /* COLComponentNoiseGenerator.m in Sources */ = {isa = PBXBuildFile; fileRef = 6CB62D0C1AF96E560049F760 /* COLComponentNoiseGenerator.m */; };
		6CBB7CFF1AEED877006DD7A1 /* COLComponentRingModulator.m in Sources */ = {isa = PBXBuildFile; fileRef = 6CBB7CFE1AEED877006DD7A1 /* COLComponentRingModulator.m */; };
		6CBB7D031AEEF0B9006DD7A1 /* COLComponentSequencer.m in Sources */ = {isa = PBXBuildFile; fileRef = 6CBB7D021AEEF0B9006DD7A1 /* COLComponentSequencer.m */; };
		6CD59F1B1AD47DB300505985 /* COLComponentMultiplesKB.m in Sources */ = {isa = PBXBuildFile; fileRef = 6CD59F1A1AD47DB300505985 /* COLComponentMultiplesKB.m */; };
		6CDD55A31BF9151D00F050D8 /* CCOLComponentVCA.cpp in Sources */ = {isa = PBXBuildFile; fileRef = 6CDD55A11BF9151D00F050D8 /* CCOLComponentVCA.cpp */; };
		6CE5819E1B13A97800CD8B62 /* COLTransportController.m in Sources */ = {isa = PBXBuildFile; fileRef = 6CE5819D1B13A97800CD8B62 /* COLTransportController.m */; };
		6CF04DF21BF7C74100CDF15F /* CCOLComponentLFO.cpp in Sources */ = {isa = PBXBuildFile; fileRef = 6CF04DF01BF7C74100CDF15F /* CCOLComponentLFO.cpp */; };
/* End PBXBuildFile section */

/* Begin PBXCopyFilesBuildPhase section */
		6C2A5E6F1A8BF30500ECEAB2 /* CopyFiles */ = {
			isa = PBXCopyFilesBuildPhase;
			buildActionMask = 12;
			dstPath = "include/$(PRODUCT_NAME)";
			dstSubfolderSpec = 16;
			files = (
				6C65A4E11A8F5E42000D9192 /* COLAudioEnvironment.h in CopyFiles */,
				6C3D06E71BE3CC1900667BAE /* CCOLTypes.h in CopyFiles */,
			);
			runOnlyForDeploymentPostprocessing = 0;
		};
/* End PBXCopyFilesBuildPhase section */

/* Begin PBXFileReference section */
		6C02D56C1B237DC200297F52 /* COLComponentDelay.h */ = {isa = PBXFileReference; fileEncoding = 4; lastKnownFileType = sourcecode.c.h; path = COLComponentDelay.h; sourceTree = "<group>"; };
		6C02D56D1B237DC200297F52 /* COLComponentDelay.m */ = {isa = PBXFileReference; fileEncoding = 4; lastKnownFileType = sourcecode.c.objc; path = COLComponentDelay.m; sourceTree = "<group>"; };
		6C0D487B1AC358C2008AD869 /* COLKeyboardComponent.h */ = {isa = PBXFileReference; fileEncoding = 4; lastKnownFileType = sourcecode.c.h; path = COLKeyboardComponent.h; sourceTree = "<group>"; };
		6C0D487C1AC358C2008AD869 /* COLKeyboardComponent.m */ = {isa = PBXFileReference; fileEncoding = 4; lastKnownFileType = sourcecode.c.objc; path = COLKeyboardComponent.m; sourceTree = "<group>"; };
		6C1154731A8E306D005CF194 /* COLComponentIO.h */ = {isa = PBXFileReference; fileEncoding = 4; lastKnownFileType = sourcecode.c.h; path = COLComponentIO.h; sourceTree = "<group>"; };
		6C1154741A8E306D005CF194 /* COLComponentIO.m */ = {isa = PBXFileReference; fileEncoding = 4; lastKnownFileType = sourcecode.c.objc; path = COLComponentIO.m; sourceTree = "<group>"; };
		6C1154781A8E3468005CF194 /* COLComponentLFO.h */ = {isa = PBXFileReference; fileEncoding = 4; lastKnownFileType = sourcecode.c.h; path = COLComponentLFO.h; sourceTree = "<group>"; };
		6C1154791A8E3468005CF194 /* COLComponentLFO.m */ = {isa = PBXFileReference; fileEncoding = 4; lastKnownFileType = sourcecode.c.objc; path = COLComponentLFO.m; sourceTree = "<group>"; };
		6C172A331ACC202D00BE1418 /* COLDiscreteParameter.h */ = {isa = PBXFileReference; fileEncoding = 4; lastKnownFileType = sourcecode.c.h; path = COLDiscreteParameter.h; sourceTree = "<group>"; };
		6C172A361ACC20F100BE1418 /* COLParameter.h */ = {isa = PBXFileReference; fileEncoding = 4; lastKnownFileType = sourcecode.c.h; path = COLParameter.h; sourceTree = "<group>"; };
		6C172A371ACC20F100BE1418 /* COLParameter.m */ = {isa = PBXFileReference; fileEncoding = 4; lastKnownFileType = sourcecode.c.objc; path = COLParameter.m; sourceTree = "<group>"; };
		6C172A4B1ACC49B700BE1418 /* COLDiscreteParameter.m */ = {isa = PBXFileReference; fileEncoding = 4; lastKnownFileType = sourcecode.c.objc; path = COLDiscreteParameter.m; sourceTree = "<group>"; };
		6C2428871BE37D0F003AB2FF /* CCOLAudioEngine.cpp */ = {isa = PBXFileReference; fileEncoding = 4; lastKnownFileType = sourcecode.cpp.cpp; name = CCOLAudioEngine.cpp; path = CCOL/CCOLAudioEngine.cpp; sourceTree = "<group>"; };
		6C2428881BE37D0F003AB2FF /* CCOLAudioEngine.hpp */ = {isa = PBXFileReference; fileEncoding = 4; lastKnownFileType = sourcecode.cpp.h; name = CCOLAudioEngine.hpp; path = CCOL/CCOLAudioEngine.hpp; sourceTree = "<group>"; };
		6C24288B1BE38C72003AB2FF /* CCOLComponents.h */ = {isa = PBXFileReference; lastKnownFileType = sourcecode.c.h; name = CCOLComponents.h; path = CCOL/CCOLComponents.h; sourceTree = "<group>"; };
		6C2A5E711A8BF30500ECEAB2 /* libColaLib.a */ = {isa = PBXFileReference; explicitFileType = archive.ar; includeInIndex = 0; path = libColaLib.a; sourceTree = BUILT_PRODUCTS_DIR; };
		6C2A5E971A8BF5BE00ECEAB2 /* COLAudioEngine.m */ = {isa = PBXFileReference; fileEncoding = 4; lastKnownFileType = sourcecode.c.objc; path = COLAudioEngine.m; sourceTree = "<group>"; };
		6C2A5E9B1A8BF7B100ECEAB2 /* COLAudioEnvironment.m */ = {isa = PBXFileReference; fileEncoding = 4; lastKnownFileType = sourcecode.c.objc; path = COLAudioEnvironment.m; sourceTree = "<group>"; };
		6C300BE81AD3285C00D51544 /* COLComponentMultiples.h */ = {isa = PBXFileReference; fileEncoding = 4; lastKnownFileType = sourcecode.c.h; path = COLComponentMultiples.h; sourceTree = "<group>"; };
		6C300BE91AD3285C00D51544 /* COLComponentMultiples.m */ = {isa = PBXFileReference; fileEncoding = 4; lastKnownFileType = sourcecode.c.objc; path = COLComponentMultiples.m; sourceTree = "<group>"; };
		6C300BEC1AD336EF00D51544 /* COLComponentMixer2.h */ = {isa = PBXFileReference; fileEncoding = 4; lastKnownFileType = sourcecode.c.h; path = COLComponentMixer2.h; sourceTree = "<group>"; };
		6C300BED1AD336EF00D51544 /* COLComponentMixer2.m */ = {isa = PBXFileReference; fileEncoding = 4; lastKnownFileType = sourcecode.c.objc; path = COLComponentMixer2.m; sourceTree = "<group>"; };
		6C310D401A8D721900A97D82 /* COLComponentVCO.h */ = {isa = PBXFileReference; fileEncoding = 4; lastKnownFileType = sourcecode.c.h; path = COLComponentVCO.h; sourceTree = "<group>"; };
		6C310D411A8D721900A97D82 /* COLComponentVCO.m */ = {isa = PBXFileReference; fileEncoding = 4; lastKnownFileType = sourcecode.c.objc; path = COLComponentVCO.m; sourceTree = "<group>"; };
		6C3AA0861A94039500DAAC09 /* COLAudioContext.h */ = {isa = PBXFileReference; fileEncoding = 4; lastKnownFileType = sourcecode.c.h; path = COLAudioContext.h; sourceTree = "<group>"; };
		6C3AA0871A94039500DAAC09 /* COLAudioContext.m */ = {isa = PBXFileReference; fileEncoding = 4; lastKnownFileType = sourcecode.c.objc; path = COLAudioContext.m; sourceTree = "<group>"; };
		6C3D06E01BE3B86400667BAE /* CCOLDefines.h */ = {isa = PBXFileReference; lastKnownFileType = sourcecode.c.h; name = CCOLDefines.h; path = CCOL/CCOLDefines.h; sourceTree = "<group>"; };
		6C3D06E61BE3C95D00667BAE /* CCOLTypes.h */ = {isa = PBXFileReference; lastKnownFileType = sourcecode.c.h; name = CCOLTypes.h; path = CCOL/CCOLTypes.h; sourceTree = "<group>"; };
		6C41E22E1AA1C78800887B50 /* COLComponentEnvelope.h */ = {isa = PBXFileReference; fileEncoding = 4; lastKnownFileType = sourcecode.c.h; path = COLComponentEnvelope.h; sourceTree = "<group>"; };
		6C41E22F1AA1C78800887B50 /* COLComponentEnvelope.m */ = {isa = PBXFileReference; fileEncoding = 4; lastKnownFileType = sourcecode.c.objc; path = COLComponentEnvelope.m; sourceTree = "<group>"; };
		6C5A12581BE69DD800B1227D /* CCOLComponentParameter.hpp */ = {isa = PBXFileReference; fileEncoding = 4; lastKnownFileType = sourcecode.cpp.h; name = CCOLComponentParameter.hpp; path = CCOL/CCOLComponentParameter.hpp; sourceTree = "<group>"; };
		6C5A125A1BE6A9F000B1227D /* CCOLComponentParameter.cpp */ = {isa = PBXFileReference; fileEncoding = 4; lastKnownFileType = sourcecode.cpp.cpp; name = CCOLComponentParameter.cpp; path = CCOL/CCOLComponentParameter.cpp; sourceTree = "<group>"; };
		6C5C5E0D1AC77AC5002BFA95 /* COLComponentVCA.h */ = {isa = PBXFileReference; fileEncoding = 4; lastKnownFileType = sourcecode.c.h; path = COLComponentVCA.h; sourceTree = "<group>"; };
		6C5C5E0E1AC77AC5002BFA95 /* COLComponentVCA.m */ = {isa = PBXFileReference; fileEncoding = 4; lastKnownFileType = sourcecode.c.objc; path = COLComponentVCA.m; sourceTree = "<group>"; };
		6C64D7001AD9A4A900012108 /* NSString+Random.h */ = {isa = PBXFileReference; fileEncoding = 4; lastKnownFileType = sourcecode.c.h; path = "NSString+Random.h"; sourceTree = "<group>"; };
		6C64D7011AD9A4A900012108 /* NSString+Random.m */ = {isa = PBXFileReference; fileEncoding = 4; lastKnownFileType = sourcecode.c.objc; path = "NSString+Random.m"; sourceTree = "<group>"; };
		6C65A4E41A9117CF000D9192 /* COLComponentWavePlayer.h */ = {isa = PBXFileReference; fileEncoding = 4; lastKnownFileType = sourcecode.c.h; path = COLComponentWavePlayer.h; sourceTree = "<group>"; };
		6C65A4E51A9117CF000D9192 /* COLComponentWavePlayer.m */ = {isa = PBXFileReference; fileEncoding = 4; lastKnownFileType = sourcecode.c.objc; path = COLComponentWavePlayer.m; sourceTree = "<group>"; };
		6C7458FC1AE835AE00AEC106 /* COLComponentPan.h */ = {isa = PBXFileReference; fileEncoding = 4; lastKnownFileType = sourcecode.c.h; path = COLComponentPan.h; sourceTree = "<group>"; };
		6C7458FD1AE835AE00AEC106 /* COLComponentPan.m */ = {isa = PBXFileReference; fileEncoding = 4; lastKnownFileType = sourcecode.c.objc; path = COLComponentPan.m; sourceTree = "<group>"; };
		6C7B27C21A8D560100AFD384 /* COLComponent.h */ = {isa = PBXFileReference; fileEncoding = 4; lastKnownFileType = sourcecode.c.h; path = COLComponent.h; sourceTree = "<group>"; };
		6C7B27C31A8D560100AFD384 /* COLComponent.m */ = {isa = PBXFileReference; fileEncoding = 4; lastKnownFileType = sourcecode.c.objc; path = COLComponent.m; sourceTree = "<group>"; };
		6C7B27C51A8D578F00AFD384 /* COLComponentOutput.h */ = {isa = PBXFileReference; fileEncoding = 4; lastKnownFileType = sourcecode.c.h; path = COLComponentOutput.h; sourceTree = "<group>"; };
		6C7B27C61A8D578F00AFD384 /* COLComponentOutput.m */ = {isa = PBXFileReference; fileEncoding = 4; lastKnownFileType = sourcecode.c.objc; path = COLComponentOutput.m; sourceTree = "<group>"; };
		6C7B27C81A8D57AF00AFD384 /* COLComponentInput.h */ = {isa = PBXFileReference; fileEncoding = 4; lastKnownFileType = sourcecode.c.h; path = COLComponentInput.h; sourceTree = "<group>"; };
		6C7B27C91A8D57AF00AFD384 /* COLComponentInput.m */ = {isa = PBXFileReference; fileEncoding = 4; lastKnownFileType = sourcecode.c.objc; path = COLComponentInput.m; sourceTree = "<group>"; };
		6C7B27CB1A8D57BD00AFD384 /* COLAudioEnvironment.h */ = {isa = PBXFileReference; lastKnownFileType = sourcecode.c.h; path = COLAudioEnvironment.h; sourceTree = "<group>"; };
		6C7B27CC1A8D57EF00AFD384 /* COLAudioEngine.h */ = {isa = PBXFileReference; lastKnownFileType = sourcecode.c.h; path = COLAudioEngine.h; sourceTree = "<group>"; };
		6C7B27CD1A8D581100AFD384 /* COLDefines.h */ = {isa = PBXFileReference; lastKnownFileType = sourcecode.c.h; path = COLDefines.h; sourceTree = "<group>"; };
		6C7D47AE1BE11A980092BC95 /* COLExporter.h */ = {isa = PBXFileReference; fileEncoding = 4; lastKnownFileType = sourcecode.c.h; path = COLExporter.h; sourceTree = "<group>"; };
		6C7D47AF1BE11A980092BC95 /* COLExporter.m */ = {isa = PBXFileReference; fileEncoding = 4; lastKnownFileType = sourcecode.c.objc; path = COLExporter.m; sourceTree = "<group>"; };
		6C7D48261BE215770092BC95 /* CCOLComponentIO.cpp */ = {isa = PBXFileReference; fileEncoding = 4; lastKnownFileType = sourcecode.cpp.cpp; name = CCOLComponentIO.cpp; path = CCOL/CCOLComponentIO.cpp; sourceTree = "<group>"; };
		6C7D48271BE215780092BC95 /* CCOLComponentIO.hpp */ = {isa = PBXFileReference; fileEncoding = 4; lastKnownFileType = sourcecode.cpp.h; name = CCOLComponentIO.hpp; path = CCOL/CCOLComponentIO.hpp; sourceTree = "<group>"; };
		6C7D489A1BE2287F0092BC95 /* Audiobus.h */ = {isa = PBXFileReference; lastKnownFileType = sourcecode.c.h; path = Audiobus.h; sourceTree = "<group>"; };
		6C7D489B1BE2287F0092BC95 /* ABTrigger.h */ = {isa = PBXFileReference; lastKnownFileType = sourcecode.c.h; path = ABTrigger.h; sourceTree = "<group>"; };
		6C7D489C1BE2287F0092BC95 /* ABSenderPort.h */ = {isa = PBXFileReference; lastKnownFileType = sourcecode.c.h; path = ABSenderPort.h; sourceTree = "<group>"; };
		6C7D489D1BE2287F0092BC95 /* ABReceiverPort.h */ = {isa = PBXFileReference; lastKnownFileType = sourcecode.c.h; path = ABReceiverPort.h; sourceTree = "<group>"; };
		6C7D489E1BE2287F0092BC95 /* ABPort.h */ = {isa = PBXFileReference; lastKnownFileType = sourcecode.c.h; path = ABPort.h; sourceTree = "<group>"; };
		6C7D489F1BE2287F0092BC95 /* ABPeer.h */ = {isa = PBXFileReference; lastKnownFileType = sourcecode.c.h; path = ABPeer.h; sourceTree = "<group>"; };
		6C7D48A01BE2287F0092BC95 /* ABMultiStreamBuffer.h */ = {isa = PBXFileReference; lastKnownFileType = sourcecode.c.h; path = ABMultiStreamBuffer.h; sourceTree = "<group>"; };
		6C7D48A11BE2287F0092BC95 /* ABLocalPort.h */ = {isa = PBXFileReference; lastKnownFileType = sourcecode.c.h; path = ABLocalPort.h; sourceTree = "<group>"; };
		6C7D48A21BE2287F0092BC95 /* ABFilterPort.h */ = {isa = PBXFileReference; lastKnownFileType = sourcecode.c.h; path = ABFilterPort.h; sourceTree = "<group>"; };
		6C7D48A31BE2287F0092BC95 /* ABCommon.h */ = {isa = PBXFileReference; lastKnownFileType = sourcecode.c.h; path = ABCommon.h; sourceTree = "<group>"; };
		6C7D48A41BE2287F0092BC95 /* ABButtonTrigger.h */ = {isa = PBXFileReference; lastKnownFileType = sourcecode.c.h; path = ABButtonTrigger.h; sourceTree = "<group>"; };
		6C7D48A51BE2287F0092BC95 /* ABAudioUnitFader.h */ = {isa = PBXFileReference; lastKnownFileType = sourcecode.c.h; path = ABAudioUnitFader.h; sourceTree = "<group>"; };
		6C7D48A61BE2287F0092BC95 /* ABAudiobusController.h */ = {isa = PBXFileReference; lastKnownFileType = sourcecode.c.h; path = ABAudiobusController.h; sourceTree = "<group>"; };
		6C7D48A71BE228EB0092BC95 /* libAudiobus.a */ = {isa = PBXFileReference; lastKnownFileType = archive.ar; path = libAudiobus.a; sourceTree = "<group>"; };
		6C7D48A81BE23B970092BC95 /* CCOLComponent.cpp */ = {isa = PBXFileReference; fileEncoding = 4; lastKnownFileType = sourcecode.cpp.cpp; name = CCOLComponent.cpp; path = CCOL/CCOLComponent.cpp; sourceTree = "<group>"; };
		6C7D48A91BE23B970092BC95 /* CCOLComponent.hpp */ = {isa = PBXFileReference; fileEncoding = 4; lastKnownFileType = sourcecode.cpp.h; name = CCOLComponent.hpp; path = CCOL/CCOLComponent.hpp; sourceTree = "<group>"; };
		6C7D48B61BE27CA30092BC95 /* CCOLAudioContext.hpp */ = {isa = PBXFileReference; fileEncoding = 4; lastKnownFileType = sourcecode.cpp.h; name = CCOLAudioContext.hpp; path = CCOL/CCOLAudioContext.hpp; sourceTree = "<group>"; };
		6C7D48B91BE27CB00092BC95 /* CCOLComponentVCO.hpp */ = {isa = PBXFileReference; fileEncoding = 4; lastKnownFileType = sourcecode.cpp.h; name = CCOLComponentVCO.hpp; path = CCOL/CCOLComponentVCO.hpp; sourceTree = "<group>"; };
		6C7D48BA1BE27CB00092BC95 /* CCOLComponentVCO.cpp */ = {isa = PBXFileReference; fileEncoding = 4; lastKnownFileType = sourcecode.cpp.cpp; name = CCOLComponentVCO.cpp; path = CCOL/CCOLComponentVCO.cpp; sourceTree = "<group>"; };
		6C8C15911ADC51DC0077460A /* COLComponentVCF.h */ = {isa = PBXFileReference; fileEncoding = 4; lastKnownFileType = sourcecode.c.h; path = COLComponentVCF.h; sourceTree = "<group>"; };
		6C8C15921ADC51DC0077460A /* COLComponentVCF.m */ = {isa = PBXFileReference; fileEncoding = 4; lastKnownFileType = sourcecode.c.objc; path = COLComponentVCF.m; sourceTree = "<group>"; };
		6C8DC6871BF32C2D00AD6836 /* CCOLComponentEG.cpp */ = {isa = PBXFileReference; fileEncoding = 4; lastKnownFileType = sourcecode.cpp.cpp; name = CCOLComponentEG.cpp; path = CCOL/CCOLComponentEG.cpp; sourceTree = "<group>"; };
		6C8DC6881BF32C2D00AD6836 /* CCOLComponentEG.hpp */ = {isa = PBXFileReference; fileEncoding = 4; lastKnownFileType = sourcecode.cpp.h; name = CCOLComponentEG.hpp; path = CCOL/CCOLComponentEG.hpp; sourceTree = "<group>"; };
		6CB127681BE8BDAE005FBDAD /* CCOLUtility.h */ = {isa = PBXFileReference; fileEncoding = 4; lastKnownFileType = sourcecode.c.h; name = CCOLUtility.h; path = CCOL/CCOLUtility.h; sourceTree = "<group>"; };
		6CB1276A1BE8E26A005FBDAD /* CCOLInterface.cpp */ = {isa = PBXFileReference; fileEncoding = 4; lastKnownFileType = sourcecode.cpp.cpp; name = CCOLInterface.cpp; path = CCOL/CCOLInterface.cpp; sourceTree = "<group>"; };
		6CB1276B1BE8E26A005FBDAD /* CCOLInterface.hpp */ = {isa = PBXFileReference; fileEncoding = 4; lastKnownFileType = sourcecode.cpp.h; name = CCOLInterface.hpp; path = CCOL/CCOLInterface.hpp; sourceTree = "<group>"; };
		6CB1276D1BE91FBB005FBDAD /* CCOLMIDIComponent.cpp */ = {isa = PBXFileReference; fileEncoding = 4; lastKnownFileType = sourcecode.cpp.cpp; name = CCOLMIDIComponent.cpp; path = CCOL/CCOLMIDIComponent.cpp; sourceTree = "<group>"; };
		6CB1276E1BE91FBB005FBDAD /* CCOLMIDIComponent.hpp */ = {isa = PBXFileReference; fileEncoding = 4; lastKnownFileType = sourcecode.cpp.h; name = CCOLMIDIComponent.hpp; path = CCOL/CCOLMIDIComponent.hpp; sourceTree = "<group>"; };
		6CB322EC1A9BC1110052AE50 /* COLContinuousParameter.h */ = {isa = PBXFileReference; fileEncoding = 4; lastKnownFileType = sourcecode.c.h; path = COLContinuousParameter.h; sourceTree = "<group>"; };
		6CB322ED1A9BC1110052AE50 /* COLContinuousParameter.m */ = {isa = PBXFileReference; fileEncoding = 4; lastKnownFileType = sourcecode.c.objc; path = COLContinuousParameter.m; sourceTree = "<group>"; };
		6CB322F51A9BE5350052AE50 /* COLComponents.h */ = {isa = PBXFileReference; fileEncoding = 4; lastKnownFileType = sourcecode.c.h; path = COLComponents.h; sourceTree = "<group>"; };
		6CB62D0B1AF96E560049F760 /* COLComponentNoiseGenerator.h */ = {isa = PBXFileReference; fileEncoding = 4; lastKnownFileType = sourcecode.c.h; path = COLComponentNoiseGenerator.h; sourceTree = "<group>"; };
		6CB62D0C1AF96E560049F760 /* COLComponentNoiseGenerator.m */ = {isa = PBXFileReference; fileEncoding = 4; lastKnownFileType = sourcecode.c.objc; path = COLComponentNoiseGenerator.m; sourceTree = "<group>"; };
		6CBB7CFD1AEED877006DD7A1 /* COLComponentRingModulator.h */ = {isa = PBXFileReference; fileEncoding = 4; lastKnownFileType = sourcecode.c.h; path = COLComponentRingModulator.h; sourceTree = "<group>"; };
		6CBB7CFE1AEED877006DD7A1 /* COLComponentRingModulator.m */ = {isa = PBXFileReference; fileEncoding = 4; lastKnownFileType = sourcecode.c.objc; path = COLComponentRingModulator.m; sourceTree = "<group>"; };
		6CBB7D011AEEF0B9006DD7A1 /* COLComponentSequencer.h */ = {isa = PBXFileReference; fileEncoding = 4; lastKnownFileType = sourcecode.c.h; path = COLComponentSequencer.h; sourceTree = "<group>"; };
		6CBB7D021AEEF0B9006DD7A1 /* COLComponentSequencer.m */ = {isa = PBXFileReference; fileEncoding = 4; lastKnownFileType = sourcecode.c.objc; path = COLComponentSequencer.m; sourceTree = "<group>"; };
		6CD59F191AD47DB300505985 /* COLComponentMultiplesKB.h */ = {isa = PBXFileReference; fileEncoding = 4; lastKnownFileType = sourcecode.c.h; path = COLComponentMultiplesKB.h; sourceTree = "<group>"; };
		6CD59F1A1AD47DB300505985 /* COLComponentMultiplesKB.m */ = {isa = PBXFileReference; fileEncoding = 4; lastKnownFileType = sourcecode.c.objc; path = COLComponentMultiplesKB.m; sourceTree = "<group>"; };
		6CDD55A11BF9151D00F050D8 /* CCOLComponentVCA.cpp */ = {isa = PBXFileReference; fileEncoding = 4; lastKnownFileType = sourcecode.cpp.cpp; name = CCOLComponentVCA.cpp; path = CCOL/CCOLComponentVCA.cpp; sourceTree = "<group>"; };
		6CDD55A21BF9151D00F050D8 /* CCOLComponentVCA.hpp */ = {isa = PBXFileReference; fileEncoding = 4; lastKnownFileType = sourcecode.cpp.h; name = CCOLComponentVCA.hpp; path = CCOL/CCOLComponentVCA.hpp; sourceTree = "<group>"; };
		6CE5819C1B13A97800CD8B62 /* COLTransportController.h */ = {isa = PBXFileReference; fileEncoding = 4; lastKnownFileType = sourcecode.c.h; path = COLTransportController.h; sourceTree = "<group>"; };
		6CE5819D1B13A97800CD8B62 /* COLTransportController.m */ = {isa = PBXFileReference; fileEncoding = 4; lastKnownFileType = sourcecode.c.objc; path = COLTransportController.m; sourceTree = "<group>"; };
		6CF04DF01BF7C74100CDF15F /* CCOLComponentLFO.cpp */ = {isa = PBXFileReference; fileEncoding = 4; lastKnownFileType = sourcecode.cpp.cpp; name = CCOLComponentLFO.cpp; path = CCOL/CCOLComponentLFO.cpp; sourceTree = "<group>"; };
		6CF04DF11BF7C74100CDF15F /* CCOLComponentLFO.hpp */ = {isa = PBXFileReference; fileEncoding = 4; lastKnownFileType = sourcecode.cpp.h; name = CCOLComponentLFO.hpp; path = CCOL/CCOLComponentLFO.hpp; sourceTree = "<group>"; };
/* End PBXFileReference section */

/* Begin PBXFrameworksBuildPhase section */
		6C2A5E6E1A8BF30500ECEAB2 /* Frameworks */ = {
			isa = PBXFrameworksBuildPhase;
			buildActionMask = 2147483647;
			files = (
			);
			runOnlyForDeploymentPostprocessing = 0;
		};
/* End PBXFrameworksBuildPhase section */

/* Begin PBXGroup section */
		6C11547B1A8E346E005CF194 /* Components */ = {
			isa = PBXGroup;
			children = (
				6CB322F51A9BE5350052AE50 /* COLComponents.h */,
				6C310D401A8D721900A97D82 /* COLComponentVCO.h */,
				6C310D411A8D721900A97D82 /* COLComponentVCO.m */,
				6C1154781A8E3468005CF194 /* COLComponentLFO.h */,
				6C1154791A8E3468005CF194 /* COLComponentLFO.m */,
				6C65A4E41A9117CF000D9192 /* COLComponentWavePlayer.h */,
				6C65A4E51A9117CF000D9192 /* COLComponentWavePlayer.m */,
				6C41E22E1AA1C78800887B50 /* COLComponentEnvelope.h */,
				6C41E22F1AA1C78800887B50 /* COLComponentEnvelope.m */,
				6C0D487B1AC358C2008AD869 /* COLKeyboardComponent.h */,
				6C0D487C1AC358C2008AD869 /* COLKeyboardComponent.m */,
				6C5C5E0D1AC77AC5002BFA95 /* COLComponentVCA.h */,
				6C5C5E0E1AC77AC5002BFA95 /* COLComponentVCA.m */,
				6C300BE81AD3285C00D51544 /* COLComponentMultiples.h */,
				6C300BE91AD3285C00D51544 /* COLComponentMultiples.m */,
				6CD59F191AD47DB300505985 /* COLComponentMultiplesKB.h */,
				6CD59F1A1AD47DB300505985 /* COLComponentMultiplesKB.m */,
				6C300BEC1AD336EF00D51544 /* COLComponentMixer2.h */,
				6C300BED1AD336EF00D51544 /* COLComponentMixer2.m */,
				6C8C15911ADC51DC0077460A /* COLComponentVCF.h */,
				6C8C15921ADC51DC0077460A /* COLComponentVCF.m */,
				6C7458FC1AE835AE00AEC106 /* COLComponentPan.h */,
				6C7458FD1AE835AE00AEC106 /* COLComponentPan.m */,
				6CBB7CFD1AEED877006DD7A1 /* COLComponentRingModulator.h */,
				6CBB7CFE1AEED877006DD7A1 /* COLComponentRingModulator.m */,
				6CBB7D011AEEF0B9006DD7A1 /* COLComponentSequencer.h */,
				6CBB7D021AEEF0B9006DD7A1 /* COLComponentSequencer.m */,
				6CB62D0B1AF96E560049F760 /* COLComponentNoiseGenerator.h */,
				6CB62D0C1AF96E560049F760 /* COLComponentNoiseGenerator.m */,
				6C02D56C1B237DC200297F52 /* COLComponentDelay.h */,
				6C02D56D1B237DC200297F52 /* COLComponentDelay.m */,
			);
			name = Components;
			sourceTree = "<group>";
		};
		6C2A5E681A8BF30500ECEAB2 = {
			isa = PBXGroup;
			children = (
				6C2A5E731A8BF30500ECEAB2 /* ColaLib */,
				6C2A5E721A8BF30500ECEAB2 /* Products */,
			);
			sourceTree = "<group>";
		};
		6C2A5E721A8BF30500ECEAB2 /* Products */ = {
			isa = PBXGroup;
			children = (
				6C2A5E711A8BF30500ECEAB2 /* libColaLib.a */,
			);
			name = Products;
			sourceTree = "<group>";
		};
		6C2A5E731A8BF30500ECEAB2 /* ColaLib */ = {
			isa = PBXGroup;
			children = (
				6C7D48991BE228740092BC95 /* Audiobus */,
				6C7B27CD1A8D581100AFD384 /* COLDefines.h */,
				6C7B27CB1A8D57BD00AFD384 /* COLAudioEnvironment.h */,
				6C2A5E9B1A8BF7B100ECEAB2 /* COLAudioEnvironment.m */,
				6C7D47AE1BE11A980092BC95 /* COLExporter.h */,
				6C7D47AF1BE11A980092BC95 /* COLExporter.m */,
				6C7B27CC1A8D57EF00AFD384 /* COLAudioEngine.h */,
				6C2A5E971A8BF5BE00ECEAB2 /* COLAudioEngine.m */,
				6C7D48AB1BE23BA10092BC95 /* CherryCola */,
				6C3AA0861A94039500DAAC09 /* COLAudioContext.h */,
				6C3AA0871A94039500DAAC09 /* COLAudioContext.m */,
				6C7B27C21A8D560100AFD384 /* COLComponent.h */,
				6C7B27C31A8D560100AFD384 /* COLComponent.m */,
				6C1154731A8E306D005CF194 /* COLComponentIO.h */,
				6C1154741A8E306D005CF194 /* COLComponentIO.m */,
				6C7B27C51A8D578F00AFD384 /* COLComponentOutput.h */,
				6C7B27C61A8D578F00AFD384 /* COLComponentOutput.m */,
				6C7B27C81A8D57AF00AFD384 /* COLComponentInput.h */,
				6C7B27C91A8D57AF00AFD384 /* COLComponentInput.m */,
				6C172A361ACC20F100BE1418 /* COLParameter.h */,
				6C172A371ACC20F100BE1418 /* COLParameter.m */,
				6CB322EC1A9BC1110052AE50 /* COLContinuousParameter.h */,
				6CB322ED1A9BC1110052AE50 /* COLContinuousParameter.m */,
				6C172A331ACC202D00BE1418 /* COLDiscreteParameter.h */,
				6C172A4B1ACC49B700BE1418 /* COLDiscreteParameter.m */,
				6C64D7001AD9A4A900012108 /* NSString+Random.h */,
				6C64D7011AD9A4A900012108 /* NSString+Random.m */,
				6CE5819C1B13A97800CD8B62 /* COLTransportController.h */,
				6CE5819D1B13A97800CD8B62 /* COLTransportController.m */,
				6C11547B1A8E346E005CF194 /* Components */,
			);
			path = ColaLib;
			sourceTree = "<group>";
		};
		6C7D48991BE228740092BC95 /* Audiobus */ = {
			isa = PBXGroup;
			children = (
				6C7D48A71BE228EB0092BC95 /* libAudiobus.a */,
				6C7D489A1BE2287F0092BC95 /* Audiobus.h */,
				6C7D489B1BE2287F0092BC95 /* ABTrigger.h */,
				6C7D489C1BE2287F0092BC95 /* ABSenderPort.h */,
				6C7D489D1BE2287F0092BC95 /* ABReceiverPort.h */,
				6C7D489E1BE2287F0092BC95 /* ABPort.h */,
				6C7D489F1BE2287F0092BC95 /* ABPeer.h */,
				6C7D48A01BE2287F0092BC95 /* ABMultiStreamBuffer.h */,
				6C7D48A11BE2287F0092BC95 /* ABLocalPort.h */,
				6C7D48A21BE2287F0092BC95 /* ABFilterPort.h */,
				6C7D48A31BE2287F0092BC95 /* ABCommon.h */,
				6C7D48A41BE2287F0092BC95 /* ABButtonTrigger.h */,
				6C7D48A51BE2287F0092BC95 /* ABAudioUnitFader.h */,
				6C7D48A61BE2287F0092BC95 /* ABAudiobusController.h */,
			);
			name = Audiobus;
			sourceTree = "<group>";
		};
		6C7D48AB1BE23BA10092BC95 /* CherryCola */ = {
			isa = PBXGroup;
			children = (
				6C3D06E01BE3B86400667BAE /* CCOLDefines.h */,
				6CB127681BE8BDAE005FBDAD /* CCOLUtility.h */,
				6C3D06E61BE3C95D00667BAE /* CCOLTypes.h */,
				6C2428881BE37D0F003AB2FF /* CCOLAudioEngine.hpp */,
				6C2428871BE37D0F003AB2FF /* CCOLAudioEngine.cpp */,
				6C7D48B61BE27CA30092BC95 /* CCOLAudioContext.hpp */,
				6C7D48271BE215780092BC95 /* CCOLComponentIO.hpp */,
				6C7D48261BE215770092BC95 /* CCOLComponentIO.cpp */,
				6C5A12581BE69DD800B1227D /* CCOLComponentParameter.hpp */,
				6C5A125A1BE6A9F000B1227D /* CCOLComponentParameter.cpp */,
				6C7D48AC1BE265080092BC95 /* Components */,
			);
			name = CherryCola;
			sourceTree = "<group>";
		};
		6C7D48AC1BE265080092BC95 /* Components */ = {
			isa = PBXGroup;
			children = (
				6C7D48A91BE23B970092BC95 /* CCOLComponent.hpp */,
				6C7D48A81BE23B970092BC95 /* CCOLComponent.cpp */,
				6C7D48BA1BE27CB00092BC95 /* CCOLComponentVCO.cpp */,
				6C7D48B91BE27CB00092BC95 /* CCOLComponentVCO.hpp */,
				6CDD55A11BF9151D00F050D8 /* CCOLComponentVCA.cpp */,
				6CDD55A21BF9151D00F050D8 /* CCOLComponentVCA.hpp */,
				6CF04DF01BF7C74100CDF15F /* CCOLComponentLFO.cpp */,
				6CF04DF11BF7C74100CDF15F /* CCOLComponentLFO.hpp */,
				6C8DC6871BF32C2D00AD6836 /* CCOLComponentEG.cpp */,
				6C8DC6881BF32C2D00AD6836 /* CCOLComponentEG.hpp */,
				6C24288B1BE38C72003AB2FF /* CCOLComponents.h */,
				6CB1276B1BE8E26A005FBDAD /* CCOLInterface.hpp */,
				6CB1276A1BE8E26A005FBDAD /* CCOLInterface.cpp */,
				6CB1276E1BE91FBB005FBDAD /* CCOLMIDIComponent.hpp */,
				6CB1276D1BE91FBB005FBDAD /* CCOLMIDIComponent.cpp */,
			);
			name = Components;
			sourceTree = "<group>";
		};
/* End PBXGroup section */

/* Begin PBXNativeTarget section */
		6C2A5E701A8BF30500ECEAB2 /* ColaLib */ = {
			isa = PBXNativeTarget;
			buildConfigurationList = 6C2A5E851A8BF30500ECEAB2 /* Build configuration list for PBXNativeTarget "ColaLib" */;
			buildPhases = (
				6C2A5E6D1A8BF30500ECEAB2 /* Sources */,
				6C2A5E6E1A8BF30500ECEAB2 /* Frameworks */,
				6C2A5E6F1A8BF30500ECEAB2 /* CopyFiles */,
			);
			buildRules = (
			);
			dependencies = (
			);
			name = ColaLib;
			productName = ColaLib;
			productReference = 6C2A5E711A8BF30500ECEAB2 /* libColaLib.a */;
			productType = "com.apple.product-type.library.static";
		};
/* End PBXNativeTarget section */

/* Begin PBXProject section */
		6C2A5E691A8BF30500ECEAB2 /* Project object */ = {
			isa = PBXProject;
			attributes = {
				LastUpgradeCheck = 0710;
				ORGANIZATIONNAME = "Chris Rivers";
				TargetAttributes = {
					6C2A5E701A8BF30500ECEAB2 = {
						CreatedOnToolsVersion = 6.1.1;
					};
				};
			};
			buildConfigurationList = 6C2A5E6C1A8BF30500ECEAB2 /* Build configuration list for PBXProject "ColaLib" */;
			compatibilityVersion = "Xcode 3.2";
			developmentRegion = English;
			hasScannedForEncodings = 0;
			knownRegions = (
				en,
			);
			mainGroup = 6C2A5E681A8BF30500ECEAB2;
			productRefGroup = 6C2A5E721A8BF30500ECEAB2 /* Products */;
			projectDirPath = "";
			projectRoot = "";
			targets = (
				6C2A5E701A8BF30500ECEAB2 /* ColaLib */,
			);
		};
/* End PBXProject section */

/* Begin PBXSourcesBuildPhase section */
		6C2A5E6D1A8BF30500ECEAB2 /* Sources */ = {
			isa = PBXSourcesBuildPhase;
			buildActionMask = 2147483647;
			files = (
				6C300BEA1AD3285C00D51544 /* COLComponentMultiples.m in Sources */,
				6CB322EE1A9BC1110052AE50 /* COLContinuousParameter.m in Sources */,
				6C7D48AA1BE23B970092BC95 /* CCOLComponent.cpp in Sources */,
				6C7D48281BE215780092BC95 /* CCOLComponentIO.cpp in Sources */,
				6CF04DF21BF7C74100CDF15F /* CCOLComponentLFO.cpp in Sources */,
				6C3AA0881A94039500DAAC09 /* COLAudioContext.m in Sources */,
				6C2A5E981A8BF5BE00ECEAB2 /* COLAudioEngine.m in Sources */,
				6C172A4D1ACC4C3900BE1418 /* COLDiscreteParameter.m in Sources */,
				6C300BEE1AD336EF00D51544 /* COLComponentMixer2.m in Sources */,
				6CBB7D031AEEF0B9006DD7A1 /* COLComponentSequencer.m in Sources */,
				6C7458FE1AE835AE00AEC106 /* COLComponentPan.m in Sources */,
				6C310D421A8D721900A97D82 /* COLComponentVCO.m in Sources */,
				6CB62D0D1AF96E560049F760 /* COLComponentNoiseGenerator.m in Sources */,
				6C5C5E0F1AC77AC5002BFA95 /* COLComponentVCA.m in Sources */,
				6C64D7021AD9A4A900012108 /* NSString+Random.m in Sources */,
				6C7B27CA1A8D57AF00AFD384 /* COLComponentInput.m in Sources */,
				6C5A125B1BE6A9F000B1227D /* CCOLComponentParameter.cpp in Sources */,
				6CD59F1B1AD47DB300505985 /* COLComponentMultiplesKB.m in Sources */,
				6CBB7CFF1AEED877006DD7A1 /* COLComponentRingModulator.m in Sources */,
				6C0D487D1AC358C2008AD869 /* COLKeyboardComponent.m in Sources */,
				6C1154751A8E306D005CF194 /* COLComponentIO.m in Sources */,
				6C172A381ACC20F100BE1418 /* COLParameter.m in Sources */,
				6C02D56E1B237DC200297F52 /* COLComponentDelay.m in Sources */,
				6CE5819E1B13A97800CD8B62 /* COLTransportController.m in Sources */,
				6C8C15931ADC51DC0077460A /* COLComponentVCF.m in Sources */,
				6C65A4E61A9117CF000D9192 /* COLComponentWavePlayer.m in Sources */,
				6C2428891BE37D0F003AB2FF /* CCOLAudioEngine.cpp in Sources */,
				6C7B27C71A8D578F00AFD384 /* COLComponentOutput.m in Sources */,
				6CB1276F1BE91FBB005FBDAD /* CCOLMIDIComponent.cpp in Sources */,
				6C8DC6891BF32C2D00AD6836 /* CCOLComponentEG.cpp in Sources */,
				6CB1276C1BE8E26A005FBDAD /* CCOLInterface.cpp in Sources */,
				6CDD55A31BF9151D00F050D8 /* CCOLComponentVCA.cpp in Sources */,
				6C7D47B01BE11A980092BC95 /* COLExporter.m in Sources */,
				6C11547A1A8E3468005CF194 /* COLComponentLFO.m in Sources */,
				6C7B27C41A8D560100AFD384 /* COLComponent.m in Sources */,
				6C41E2301AA1C78800887B50 /* COLComponentEnvelope.m in Sources */,
				6C2A5E9C1A8BF7B100ECEAB2 /* COLAudioEnvironment.m in Sources */,
				6C7D48BB1BE27CB00092BC95 /* CCOLComponentVCO.cpp in Sources */,
			);
			runOnlyForDeploymentPostprocessing = 0;
		};
/* End PBXSourcesBuildPhase section */

/* Begin XCBuildConfiguration section */
		6C2A5E831A8BF30500ECEAB2 /* Debug */ = {
			isa = XCBuildConfiguration;
			buildSettings = {
				ALWAYS_SEARCH_USER_PATHS = NO;
				CLANG_CXX_LANGUAGE_STANDARD = "gnu++0x";
				CLANG_CXX_LIBRARY = "libc++";
				CLANG_ENABLE_MODULES = YES;
				CLANG_ENABLE_OBJC_ARC = YES;
				CLANG_WARN_BOOL_CONVERSION = YES;
				CLANG_WARN_CONSTANT_CONVERSION = YES;
				CLANG_WARN_DIRECT_OBJC_ISA_USAGE = YES_ERROR;
				CLANG_WARN_EMPTY_BODY = YES;
				CLANG_WARN_ENUM_CONVERSION = YES;
				CLANG_WARN_INT_CONVERSION = YES;
				CLANG_WARN_OBJC_ROOT_CLASS = YES_ERROR;
				CLANG_WARN_UNREACHABLE_CODE = YES;
				CLANG_WARN__DUPLICATE_METHOD_MATCH = YES;
				COPY_PHASE_STRIP = NO;
				ENABLE_STRICT_OBJC_MSGSEND = YES;
				ENABLE_TESTABILITY = YES;
				GCC_C_LANGUAGE_STANDARD = gnu99;
				GCC_DYNAMIC_NO_PIC = NO;
				GCC_OPTIMIZATION_LEVEL = 0;
				GCC_PREPROCESSOR_DEFINITIONS = (
					"DEBUG=1",
					"$(inherited)",
				);
				GCC_SYMBOLS_PRIVATE_EXTERN = NO;
				GCC_WARN_64_TO_32_BIT_CONVERSION = YES;
				GCC_WARN_ABOUT_RETURN_TYPE = YES_ERROR;
				GCC_WARN_UNDECLARED_SELECTOR = YES;
				GCC_WARN_UNINITIALIZED_AUTOS = YES_AGGRESSIVE;
				GCC_WARN_UNUSED_FUNCTION = YES;
				GCC_WARN_UNUSED_VARIABLE = YES;
				IPHONEOS_DEPLOYMENT_TARGET = 8.1;
				MTL_ENABLE_DEBUG_INFO = YES;
				ONLY_ACTIVE_ARCH = YES;
				SDKROOT = iphoneos;
			};
			name = Debug;
		};
		6C2A5E841A8BF30500ECEAB2 /* Release */ = {
			isa = XCBuildConfiguration;
			buildSettings = {
				ALWAYS_SEARCH_USER_PATHS = NO;
				CLANG_CXX_LANGUAGE_STANDARD = "gnu++0x";
				CLANG_CXX_LIBRARY = "libc++";
				CLANG_ENABLE_MODULES = YES;
				CLANG_ENABLE_OBJC_ARC = YES;
				CLANG_WARN_BOOL_CONVERSION = YES;
				CLANG_WARN_CONSTANT_CONVERSION = YES;
				CLANG_WARN_DIRECT_OBJC_ISA_USAGE = YES_ERROR;
				CLANG_WARN_EMPTY_BODY = YES;
				CLANG_WARN_ENUM_CONVERSION = YES;
				CLANG_WARN_INT_CONVERSION = YES;
				CLANG_WARN_OBJC_ROOT_CLASS = YES_ERROR;
				CLANG_WARN_UNREACHABLE_CODE = YES;
				CLANG_WARN__DUPLICATE_METHOD_MATCH = YES;
				COPY_PHASE_STRIP = YES;
				ENABLE_NS_ASSERTIONS = NO;
				ENABLE_STRICT_OBJC_MSGSEND = YES;
				GCC_C_LANGUAGE_STANDARD = gnu99;
				GCC_WARN_64_TO_32_BIT_CONVERSION = YES;
				GCC_WARN_ABOUT_RETURN_TYPE = YES_ERROR;
				GCC_WARN_UNDECLARED_SELECTOR = YES;
				GCC_WARN_UNINITIALIZED_AUTOS = YES_AGGRESSIVE;
				GCC_WARN_UNUSED_FUNCTION = YES;
				GCC_WARN_UNUSED_VARIABLE = YES;
				IPHONEOS_DEPLOYMENT_TARGET = 8.1;
				MTL_ENABLE_DEBUG_INFO = NO;
				SDKROOT = iphoneos;
				VALIDATE_PRODUCT = YES;
			};
			name = Release;
		};
		6C2A5E861A8BF30500ECEAB2 /* Debug */ = {
			isa = XCBuildConfiguration;
			buildSettings = {
				ALWAYS_SEARCH_USER_PATHS = NO;
				GCC_INPUT_FILETYPE = sourcecode.cpp.objcpp;
				LIBRARY_SEARCH_PATHS = (
					"$(PROJECT_DIR)",
					"$(inherited)",
				);
				MACH_O_TYPE = staticlib;
				OTHER_LDFLAGS = "-ObjC";
				PRELINK_LIBS = "";
				PRODUCT_NAME = "$(TARGET_NAME)";
				SKIP_INSTALL = YES;
			};
			name = Debug;
		};
		6C2A5E871A8BF30500ECEAB2 /* Release */ = {
			isa = XCBuildConfiguration;
			buildSettings = {
				ALWAYS_SEARCH_USER_PATHS = NO;
				GCC_INPUT_FILETYPE = sourcecode.cpp.objcpp;
				LIBRARY_SEARCH_PATHS = (
					"$(PROJECT_DIR)",
					"$(inherited)",
				);
				MACH_O_TYPE = staticlib;
				OTHER_LDFLAGS = "-ObjC";
				PRELINK_LIBS = "";
				PRODUCT_NAME = "$(TARGET_NAME)";
				SKIP_INSTALL = YES;
			};
			name = Release;
		};
/* End XCBuildConfiguration section */

/* Begin XCConfigurationList section */
		6C2A5E6C1A8BF30500ECEAB2 /* Build configuration list for PBXProject "ColaLib" */ = {
			isa = XCConfigurationList;
			buildConfigurations = (
				6C2A5E831A8BF30500ECEAB2 /* Debug */,
				6C2A5E841A8BF30500ECEAB2 /* Release */,
			);
			defaultConfigurationIsVisible = 0;
			defaultConfigurationName = Release;
		};
		6C2A5E851A8BF30500ECEAB2 /* Build configuration list for PBXNativeTarget "ColaLib" */ = {
			isa = XCConfigurationList;
			buildConfigurations = (
				6C2A5E861A8BF30500ECEAB2 /* Debug */,
				6C2A5E871A8BF30500ECEAB2 /* Release */,
			);
			defaultConfigurationIsVisible = 0;
			defaultConfigurationName = Release;
		};
/* End XCConfigurationList section */
	};
	rootObject = 6C2A5E691A8BF30500ECEAB2 /* Project object */;
}
