// !$*UTF8*$!
{
	archiveVersion = 1;
	classes = {
	};
	objectVersion = 46;
	objects = {

/* Begin PBXBuildFile section */
		6C0D487D1AC358C2008AD869 /* COLKeyboardComponent.m in Sources */ = {isa = PBXBuildFile; fileRef = 6C0D487C1AC358C2008AD869 /* COLKeyboardComponent.m */; };
		6C0D487E1AC365BC008AD869 /* COLKeyboardComponent.h in CopyFiles */ = {isa = PBXBuildFile; fileRef = 6C0D487B1AC358C2008AD869 /* COLKeyboardComponent.h */; settings = {ATTRIBUTES = (CodeSignOnCopy, ); }; };
		6C0DD3581A94DEE900217751 /* COLComponentVCO.h in CopyFiles */ = {isa = PBXBuildFile; fileRef = 6C310D401A8D721900A97D82 /* COLComponentVCO.h */; settings = {ATTRIBUTES = (CodeSignOnCopy, ); }; };
		6C0DD35A1A94DEEC00217751 /* COLComponentWavePlayer.h in CopyFiles */ = {isa = PBXBuildFile; fileRef = 6C65A4E41A9117CF000D9192 /* COLComponentWavePlayer.h */; settings = {ATTRIBUTES = (CodeSignOnCopy, ); }; };
		6C1154751A8E306D005CF194 /* COLComponentIO.m in Sources */ = {isa = PBXBuildFile; fileRef = 6C1154741A8E306D005CF194 /* COLComponentIO.m */; };
		6C11547A1A8E3468005CF194 /* COLComponentLFO.m in Sources */ = {isa = PBXBuildFile; fileRef = 6C1154791A8E3468005CF194 /* COLComponentLFO.m */; };
		6C172A381ACC20F100BE1418 /* COLParameter.m in Sources */ = {isa = PBXBuildFile; fileRef = 6C172A371ACC20F100BE1418 /* COLParameter.m */; };
		6C172A391ACC213300BE1418 /* COLParameter.h in CopyFiles */ = {isa = PBXBuildFile; fileRef = 6C172A361ACC20F100BE1418 /* COLParameter.h */; settings = {ATTRIBUTES = (CodeSignOnCopy, ); }; };
		6C172A3A1ACC213500BE1418 /* COLDiscreteParameter.h in CopyFiles */ = {isa = PBXBuildFile; fileRef = 6C172A331ACC202D00BE1418 /* COLDiscreteParameter.h */; settings = {ATTRIBUTES = (CodeSignOnCopy, ); }; };
		6C172A4D1ACC4C3900BE1418 /* COLDiscreteParameter.m in Sources */ = {isa = PBXBuildFile; fileRef = 6C172A4B1ACC49B700BE1418 /* COLDiscreteParameter.m */; };
		6C2A5E751A8BF30500ECEAB2 /* ColaLib.h in CopyFiles */ = {isa = PBXBuildFile; fileRef = 6C2A5E741A8BF30500ECEAB2 /* ColaLib.h */; settings = {ATTRIBUTES = (CodeSignOnCopy, ); }; };
		6C2A5E981A8BF5BE00ECEAB2 /* COLAudioEngine.m in Sources */ = {isa = PBXBuildFile; fileRef = 6C2A5E971A8BF5BE00ECEAB2 /* COLAudioEngine.m */; };
		6C2A5E9C1A8BF7B100ECEAB2 /* COLAudioEnvironment.m in Sources */ = {isa = PBXBuildFile; fileRef = 6C2A5E9B1A8BF7B100ECEAB2 /* COLAudioEnvironment.m */; };
		6C300BEA1AD3285C00D51544 /* COLComponentMultiples.m in Sources */ = {isa = PBXBuildFile; fileRef = 6C300BE91AD3285C00D51544 /* COLComponentMultiples.m */; };
		6C300BEB1AD3286300D51544 /* COLComponentMultiples.h in CopyFiles */ = {isa = PBXBuildFile; fileRef = 6C300BE81AD3285C00D51544 /* COLComponentMultiples.h */; };
		6C300BEE1AD336EF00D51544 /* COLComponentMixer2.m in Sources */ = {isa = PBXBuildFile; fileRef = 6C300BED1AD336EF00D51544 /* COLComponentMixer2.m */; };
		6C300BEF1AD33ACE00D51544 /* COLComponentMixer2.h in CopyFiles */ = {isa = PBXBuildFile; fileRef = 6C300BEC1AD336EF00D51544 /* COLComponentMixer2.h */; };
		6C310D421A8D721900A97D82 /* COLComponentVCO.m in Sources */ = {isa = PBXBuildFile; fileRef = 6C310D411A8D721900A97D82 /* COLComponentVCO.m */; };
		6C3AA0881A94039500DAAC09 /* COLAudioContext.m in Sources */ = {isa = PBXBuildFile; fileRef = 6C3AA0871A94039500DAAC09 /* COLAudioContext.m */; };
		6C41E2301AA1C78800887B50 /* COLComponentEnvelope.m in Sources */ = {isa = PBXBuildFile; fileRef = 6C41E22F1AA1C78800887B50 /* COLComponentEnvelope.m */; };
		6C41E2311AA1D11E00887B50 /* COLComponentEnvelope.h in CopyFiles */ = {isa = PBXBuildFile; fileRef = 6C41E22E1AA1C78800887B50 /* COLComponentEnvelope.h */; settings = {ATTRIBUTES = (CodeSignOnCopy, ); }; };
		6C5C5E0F1AC77AC5002BFA95 /* COLComponentVCA.m in Sources */ = {isa = PBXBuildFile; fileRef = 6C5C5E0E1AC77AC5002BFA95 /* COLComponentVCA.m */; };
		6C5C5E101AC7843A002BFA95 /* COLComponentVCA.h in CopyFiles */ = {isa = PBXBuildFile; fileRef = 6C5C5E0D1AC77AC5002BFA95 /* COLComponentVCA.h */; settings = {ATTRIBUTES = (CodeSignOnCopy, ); }; };
		6C6132411ADC5FF90060C221 /* COLComponentVCF.h in CopyFiles */ = {isa = PBXBuildFile; fileRef = 6C8C15911ADC51DC0077460A /* COLComponentVCF.h */; };
		6C64D7021AD9A4A900012108 /* NSString+Random.m in Sources */ = {isa = PBXBuildFile; fileRef = 6C64D7011AD9A4A900012108 /* NSString+Random.m */; };
		6C65A4E11A8F5E42000D9192 /* COLAudioEnvironment.h in CopyFiles */ = {isa = PBXBuildFile; fileRef = 6C7B27CB1A8D57BD00AFD384 /* COLAudioEnvironment.h */; settings = {ATTRIBUTES = (CodeSignOnCopy, ); }; };
		6C65A4E21A8F5E45000D9192 /* COLDefines.h in CopyFiles */ = {isa = PBXBuildFile; fileRef = 6C7B27CD1A8D581100AFD384 /* COLDefines.h */; settings = {ATTRIBUTES = (CodeSignOnCopy, ); }; };
		6C65A4E31A8F5E5D000D9192 /* COLAudioEngine.h in CopyFiles */ = {isa = PBXBuildFile; fileRef = 6C7B27CC1A8D57EF00AFD384 /* COLAudioEngine.h */; settings = {ATTRIBUTES = (CodeSignOnCopy, ); }; };
		6C65A4E61A9117CF000D9192 /* COLComponentWavePlayer.m in Sources */ = {isa = PBXBuildFile; fileRef = 6C65A4E51A9117CF000D9192 /* COLComponentWavePlayer.m */; };
		6C7458FE1AE835AE00AEC106 /* COLComponentPan.m in Sources */ = {isa = PBXBuildFile; fileRef = 6C7458FD1AE835AE00AEC106 /* COLComponentPan.m */; };
		6C7458FF1AE837D200AEC106 /* COLComponentPan.h in CopyFiles */ = {isa = PBXBuildFile; fileRef = 6C7458FC1AE835AE00AEC106 /* COLComponentPan.h */; };
		6C7B27C41A8D560100AFD384 /* COLComponent.m in Sources */ = {isa = PBXBuildFile; fileRef = 6C7B27C31A8D560100AFD384 /* COLComponent.m */; };
		6C7B27C71A8D578F00AFD384 /* COLComponentOutput.m in Sources */ = {isa = PBXBuildFile; fileRef = 6C7B27C61A8D578F00AFD384 /* COLComponentOutput.m */; };
		6C7B27CA1A8D57AF00AFD384 /* COLComponentInput.m in Sources */ = {isa = PBXBuildFile; fileRef = 6C7B27C91A8D57AF00AFD384 /* COLComponentInput.m */; };
		6C8C15931ADC51DC0077460A /* COLComponentVCF.m in Sources */ = {isa = PBXBuildFile; fileRef = 6C8C15921ADC51DC0077460A /* COLComponentVCF.m */; };
		6C94939C1A9D352A00B7A37C /* COLComponentLFO.h in CopyFiles */ = {isa = PBXBuildFile; fileRef = 6C1154781A8E3468005CF194 /* COLComponentLFO.h */; settings = {ATTRIBUTES = (CodeSignOnCopy, ); }; };
		6CB322EE1A9BC1110052AE50 /* COLContinuousParameter.m in Sources */ = {isa = PBXBuildFile; fileRef = 6CB322ED1A9BC1110052AE50 /* COLContinuousParameter.m */; };
		6CB322EF1A9BE1C90052AE50 /* COLComponent.h in CopyFiles */ = {isa = PBXBuildFile; fileRef = 6C7B27C21A8D560100AFD384 /* COLComponent.h */; settings = {ATTRIBUTES = (CodeSignOnCopy, ); }; };
		6CB322F01A9BE2A30052AE50 /* COLAudioContext.h in CopyFiles */ = {isa = PBXBuildFile; fileRef = 6C3AA0861A94039500DAAC09 /* COLAudioContext.h */; settings = {ATTRIBUTES = (CodeSignOnCopy, ); }; };
		6CB322F11A9BE2AE0052AE50 /* COLComponentIO.h in CopyFiles */ = {isa = PBXBuildFile; fileRef = 6C1154731A8E306D005CF194 /* COLComponentIO.h */; settings = {ATTRIBUTES = (CodeSignOnCopy, ); }; };
		6CB322F21A9BE2B20052AE50 /* COLComponentOutput.h in CopyFiles */ = {isa = PBXBuildFile; fileRef = 6C7B27C51A8D578F00AFD384 /* COLComponentOutput.h */; settings = {ATTRIBUTES = (CodeSignOnCopy, ); }; };
		6CB322F31A9BE2B30052AE50 /* COLComponentInput.h in CopyFiles */ = {isa = PBXBuildFile; fileRef = 6C7B27C81A8D57AF00AFD384 /* COLComponentInput.h */; settings = {ATTRIBUTES = (CodeSignOnCopy, ); }; };
		6CB322F41A9BE2B40052AE50 /* COLContinuousParameter.h in CopyFiles */ = {isa = PBXBuildFile; fileRef = 6CB322EC1A9BC1110052AE50 /* COLContinuousParameter.h */; settings = {ATTRIBUTES = (CodeSignOnCopy, ); }; };
		6CB322F61A9BE5400052AE50 /* COLComponents.h in CopyFiles */ = {isa = PBXBuildFile; fileRef = 6CB322F51A9BE5350052AE50 /* COLComponents.h */; settings = {ATTRIBUTES = (CodeSignOnCopy, ); }; };
		6CBB7CFF1AEED877006DD7A1 /* COLComponentRingModulator.m in Sources */ = {isa = PBXBuildFile; fileRef = 6CBB7CFE1AEED877006DD7A1 /* COLComponentRingModulator.m */; };
		6CBB7D001AEED88C006DD7A1 /* COLComponentRingModulator.h in CopyFiles */ = {isa = PBXBuildFile; fileRef = 6CBB7CFD1AEED877006DD7A1 /* COLComponentRingModulator.h */; };
		6CBB7D031AEEF0B9006DD7A1 /* COLComponentSequencer.m in Sources */ = {isa = PBXBuildFile; fileRef = 6CBB7D021AEEF0B9006DD7A1 /* COLComponentSequencer.m */; };
		6CBB7D041AEF11E8006DD7A1 /* COLComponentSequencer.h in CopyFiles */ = {isa = PBXBuildFile; fileRef = 6CBB7D011AEEF0B9006DD7A1 /* COLComponentSequencer.h */; };
		6CD59F1B1AD47DB300505985 /* COLComponentMultiplesKB.m in Sources */ = {isa = PBXBuildFile; fileRef = 6CD59F1A1AD47DB300505985 /* COLComponentMultiplesKB.m */; };
		6CD59F1C1AD47E0600505985 /* COLComponentMultiplesKB.h in CopyFiles */ = {isa = PBXBuildFile; fileRef = 6CD59F191AD47DB300505985 /* COLComponentMultiplesKB.h */; };
/* End PBXBuildFile section */

/* Begin PBXCopyFilesBuildPhase section */
		6C2A5E6F1A8BF30500ECEAB2 /* CopyFiles */ = {
			isa = PBXCopyFilesBuildPhase;
			buildActionMask = 12;
			dstPath = "include/$(PRODUCT_NAME)";
			dstSubfolderSpec = 16;
			files = (
				6C65A4E31A8F5E5D000D9192 /* COLAudioEngine.h in CopyFiles */,
				6CB322EF1A9BE1C90052AE50 /* COLComponent.h in CopyFiles */,
				6C0DD35A1A94DEEC00217751 /* COLComponentWavePlayer.h in CopyFiles */,
				6C0DD3581A94DEE900217751 /* COLComponentVCO.h in CopyFiles */,
				6CB322F61A9BE5400052AE50 /* COLComponents.h in CopyFiles */,
				6C65A4E21A8F5E45000D9192 /* COLDefines.h in CopyFiles */,
				6CB322F31A9BE2B30052AE50 /* COLComponentInput.h in CopyFiles */,
				6C94939C1A9D352A00B7A37C /* COLComponentLFO.h in CopyFiles */,
				6C65A4E11A8F5E42000D9192 /* COLAudioEnvironment.h in CopyFiles */,
				6CB322F21A9BE2B20052AE50 /* COLComponentOutput.h in CopyFiles */,
				6C2A5E751A8BF30500ECEAB2 /* ColaLib.h in CopyFiles */,
				6CB322F11A9BE2AE0052AE50 /* COLComponentIO.h in CopyFiles */,
				6CB322F01A9BE2A30052AE50 /* COLAudioContext.h in CopyFiles */,
				6C41E2311AA1D11E00887B50 /* COLComponentEnvelope.h in CopyFiles */,
				6C5C5E101AC7843A002BFA95 /* COLComponentVCA.h in CopyFiles */,
				6C0D487E1AC365BC008AD869 /* COLKeyboardComponent.h in CopyFiles */,
				6C172A391ACC213300BE1418 /* COLParameter.h in CopyFiles */,
				6C172A3A1ACC213500BE1418 /* COLDiscreteParameter.h in CopyFiles */,
				6CB322F41A9BE2B40052AE50 /* COLContinuousParameter.h in CopyFiles */,
				6C300BEF1AD33ACE00D51544 /* COLComponentMixer2.h in CopyFiles */,
				6CD59F1C1AD47E0600505985 /* COLComponentMultiplesKB.h in CopyFiles */,
				6C300BEB1AD3286300D51544 /* COLComponentMultiples.h in CopyFiles */,
				6C7458FF1AE837D200AEC106 /* COLComponentPan.h in CopyFiles */,
				6CBB7D001AEED88C006DD7A1 /* COLComponentRingModulator.h in CopyFiles */,
				6C6132411ADC5FF90060C221 /* COLComponentVCF.h in CopyFiles */,
				6CBB7D041AEF11E8006DD7A1 /* COLComponentSequencer.h in CopyFiles */,
			);
			runOnlyForDeploymentPostprocessing = 0;
		};
/* End PBXCopyFilesBuildPhase section */

/* Begin PBXFileReference section */
		6C0D487B1AC358C2008AD869 /* COLKeyboardComponent.h */ = {isa = PBXFileReference; fileEncoding = 4; lastKnownFileType = sourcecode.c.h; path = COLKeyboardComponent.h; sourceTree = "<group>"; };
		6C0D487C1AC358C2008AD869 /* COLKeyboardComponent.m */ = {isa = PBXFileReference; fileEncoding = 4; lastKnownFileType = sourcecode.c.objc; path = COLKeyboardComponent.m; sourceTree = "<group>"; };
		6C1154731A8E306D005CF194 /* COLComponentIO.h */ = {isa = PBXFileReference; fileEncoding = 4; lastKnownFileType = sourcecode.c.h; path = COLComponentIO.h; sourceTree = "<group>"; };
		6C1154741A8E306D005CF194 /* COLComponentIO.m */ = {isa = PBXFileReference; fileEncoding = 4; lastKnownFileType = sourcecode.c.objc; path = COLComponentIO.m; sourceTree = "<group>"; };
		6C1154781A8E3468005CF194 /* COLComponentLFO.h */ = {isa = PBXFileReference; fileEncoding = 4; lastKnownFileType = sourcecode.c.h; path = COLComponentLFO.h; sourceTree = "<group>"; };
		6C1154791A8E3468005CF194 /* COLComponentLFO.m */ = {isa = PBXFileReference; fileEncoding = 4; lastKnownFileType = sourcecode.c.objc; path = COLComponentLFO.m; sourceTree = "<group>"; };
		6C172A331ACC202D00BE1418 /* COLDiscreteParameter.h */ = {isa = PBXFileReference; fileEncoding = 4; lastKnownFileType = sourcecode.c.h; path = COLDiscreteParameter.h; sourceTree = "<group>"; };
		6C172A361ACC20F100BE1418 /* COLParameter.h */ = {isa = PBXFileReference; fileEncoding = 4; lastKnownFileType = sourcecode.c.h; path = COLParameter.h; sourceTree = "<group>"; };
		6C172A371ACC20F100BE1418 /* COLParameter.m */ = {isa = PBXFileReference; fileEncoding = 4; lastKnownFileType = sourcecode.c.objc; path = COLParameter.m; sourceTree = "<group>"; };
		6C172A4B1ACC49B700BE1418 /* COLDiscreteParameter.m */ = {isa = PBXFileReference; fileEncoding = 4; lastKnownFileType = sourcecode.c.objc; path = COLDiscreteParameter.m; sourceTree = "<group>"; };
		6C2A5E711A8BF30500ECEAB2 /* libColaLib.a */ = {isa = PBXFileReference; explicitFileType = archive.ar; includeInIndex = 0; path = libColaLib.a; sourceTree = BUILT_PRODUCTS_DIR; };
		6C2A5E741A8BF30500ECEAB2 /* ColaLib.h */ = {isa = PBXFileReference; lastKnownFileType = sourcecode.c.h; path = ColaLib.h; sourceTree = "<group>"; };
		6C2A5E971A8BF5BE00ECEAB2 /* COLAudioEngine.m */ = {isa = PBXFileReference; fileEncoding = 4; lastKnownFileType = sourcecode.c.objc; path = COLAudioEngine.m; sourceTree = "<group>"; };
		6C2A5E9B1A8BF7B100ECEAB2 /* COLAudioEnvironment.m */ = {isa = PBXFileReference; fileEncoding = 4; lastKnownFileType = sourcecode.c.objc; path = COLAudioEnvironment.m; sourceTree = "<group>"; };
		6C300BE81AD3285C00D51544 /* COLComponentMultiples.h */ = {isa = PBXFileReference; fileEncoding = 4; lastKnownFileType = sourcecode.c.h; path = COLComponentMultiples.h; sourceTree = "<group>"; };
		6C300BE91AD3285C00D51544 /* COLComponentMultiples.m */ = {isa = PBXFileReference; fileEncoding = 4; lastKnownFileType = sourcecode.c.objc; path = COLComponentMultiples.m; sourceTree = "<group>"; };
		6C300BEC1AD336EF00D51544 /* COLComponentMixer2.h */ = {isa = PBXFileReference; fileEncoding = 4; lastKnownFileType = sourcecode.c.h; path = COLComponentMixer2.h; sourceTree = "<group>"; };
		6C300BED1AD336EF00D51544 /* COLComponentMixer2.m */ = {isa = PBXFileReference; fileEncoding = 4; lastKnownFileType = sourcecode.c.objc; path = COLComponentMixer2.m; sourceTree = "<group>"; };
		6C310D401A8D721900A97D82 /* COLComponentVCO.h */ = {isa = PBXFileReference; fileEncoding = 4; lastKnownFileType = sourcecode.c.h; path = COLComponentVCO.h; sourceTree = "<group>"; };
		6C310D411A8D721900A97D82 /* COLComponentVCO.m */ = {isa = PBXFileReference; fileEncoding = 4; lastKnownFileType = sourcecode.c.objc; path = COLComponentVCO.m; sourceTree = "<group>"; };
		6C3AA0861A94039500DAAC09 /* COLAudioContext.h */ = {isa = PBXFileReference; fileEncoding = 4; lastKnownFileType = sourcecode.c.h; path = COLAudioContext.h; sourceTree = "<group>"; };
		6C3AA0871A94039500DAAC09 /* COLAudioContext.m */ = {isa = PBXFileReference; fileEncoding = 4; lastKnownFileType = sourcecode.c.objc; path = COLAudioContext.m; sourceTree = "<group>"; };
		6C41E22E1AA1C78800887B50 /* COLComponentEnvelope.h */ = {isa = PBXFileReference; fileEncoding = 4; lastKnownFileType = sourcecode.c.h; path = COLComponentEnvelope.h; sourceTree = "<group>"; };
		6C41E22F1AA1C78800887B50 /* COLComponentEnvelope.m */ = {isa = PBXFileReference; fileEncoding = 4; lastKnownFileType = sourcecode.c.objc; path = COLComponentEnvelope.m; sourceTree = "<group>"; };
		6C5C5E0D1AC77AC5002BFA95 /* COLComponentVCA.h */ = {isa = PBXFileReference; fileEncoding = 4; lastKnownFileType = sourcecode.c.h; path = COLComponentVCA.h; sourceTree = "<group>"; };
		6C5C5E0E1AC77AC5002BFA95 /* COLComponentVCA.m */ = {isa = PBXFileReference; fileEncoding = 4; lastKnownFileType = sourcecode.c.objc; path = COLComponentVCA.m; sourceTree = "<group>"; };
		6C64D7001AD9A4A900012108 /* NSString+Random.h */ = {isa = PBXFileReference; fileEncoding = 4; lastKnownFileType = sourcecode.c.h; path = "NSString+Random.h"; sourceTree = "<group>"; };
		6C64D7011AD9A4A900012108 /* NSString+Random.m */ = {isa = PBXFileReference; fileEncoding = 4; lastKnownFileType = sourcecode.c.objc; path = "NSString+Random.m"; sourceTree = "<group>"; };
		6C65A4E41A9117CF000D9192 /* COLComponentWavePlayer.h */ = {isa = PBXFileReference; fileEncoding = 4; lastKnownFileType = sourcecode.c.h; path = COLComponentWavePlayer.h; sourceTree = "<group>"; };
		6C65A4E51A9117CF000D9192 /* COLComponentWavePlayer.m */ = {isa = PBXFileReference; fileEncoding = 4; lastKnownFileType = sourcecode.c.objc; path = COLComponentWavePlayer.m; sourceTree = "<group>"; };
		6C7458FC1AE835AE00AEC106 /* COLComponentPan.h */ = {isa = PBXFileReference; fileEncoding = 4; lastKnownFileType = sourcecode.c.h; path = COLComponentPan.h; sourceTree = "<group>"; };
		6C7458FD1AE835AE00AEC106 /* COLComponentPan.m */ = {isa = PBXFileReference; fileEncoding = 4; lastKnownFileType = sourcecode.c.objc; path = COLComponentPan.m; sourceTree = "<group>"; };
		6C7B27C21A8D560100AFD384 /* COLComponent.h */ = {isa = PBXFileReference; fileEncoding = 4; lastKnownFileType = sourcecode.c.h; path = COLComponent.h; sourceTree = "<group>"; };
		6C7B27C31A8D560100AFD384 /* COLComponent.m */ = {isa = PBXFileReference; fileEncoding = 4; lastKnownFileType = sourcecode.c.objc; path = COLComponent.m; sourceTree = "<group>"; };
		6C7B27C51A8D578F00AFD384 /* COLComponentOutput.h */ = {isa = PBXFileReference; fileEncoding = 4; lastKnownFileType = sourcecode.c.h; path = COLComponentOutput.h; sourceTree = "<group>"; };
		6C7B27C61A8D578F00AFD384 /* COLComponentOutput.m */ = {isa = PBXFileReference; fileEncoding = 4; lastKnownFileType = sourcecode.c.objc; path = COLComponentOutput.m; sourceTree = "<group>"; };
		6C7B27C81A8D57AF00AFD384 /* COLComponentInput.h */ = {isa = PBXFileReference; fileEncoding = 4; lastKnownFileType = sourcecode.c.h; path = COLComponentInput.h; sourceTree = "<group>"; };
		6C7B27C91A8D57AF00AFD384 /* COLComponentInput.m */ = {isa = PBXFileReference; fileEncoding = 4; lastKnownFileType = sourcecode.c.objc; path = COLComponentInput.m; sourceTree = "<group>"; };
		6C7B27CB1A8D57BD00AFD384 /* COLAudioEnvironment.h */ = {isa = PBXFileReference; lastKnownFileType = sourcecode.c.h; path = COLAudioEnvironment.h; sourceTree = "<group>"; };
		6C7B27CC1A8D57EF00AFD384 /* COLAudioEngine.h */ = {isa = PBXFileReference; lastKnownFileType = sourcecode.c.h; path = COLAudioEngine.h; sourceTree = "<group>"; };
		6C7B27CD1A8D581100AFD384 /* COLDefines.h */ = {isa = PBXFileReference; lastKnownFileType = sourcecode.c.h; path = COLDefines.h; sourceTree = "<group>"; };
		6C8C15911ADC51DC0077460A /* COLComponentVCF.h */ = {isa = PBXFileReference; fileEncoding = 4; lastKnownFileType = sourcecode.c.h; path = COLComponentVCF.h; sourceTree = "<group>"; };
		6C8C15921ADC51DC0077460A /* COLComponentVCF.m */ = {isa = PBXFileReference; fileEncoding = 4; lastKnownFileType = sourcecode.c.objc; path = COLComponentVCF.m; sourceTree = "<group>"; };
		6CB322EC1A9BC1110052AE50 /* COLContinuousParameter.h */ = {isa = PBXFileReference; fileEncoding = 4; lastKnownFileType = sourcecode.c.h; path = COLContinuousParameter.h; sourceTree = "<group>"; };
		6CB322ED1A9BC1110052AE50 /* COLContinuousParameter.m */ = {isa = PBXFileReference; fileEncoding = 4; lastKnownFileType = sourcecode.c.objc; path = COLContinuousParameter.m; sourceTree = "<group>"; };
		6CB322F51A9BE5350052AE50 /* COLComponents.h */ = {isa = PBXFileReference; fileEncoding = 4; lastKnownFileType = sourcecode.c.h; path = COLComponents.h; sourceTree = "<group>"; };
		6CBB7CFD1AEED877006DD7A1 /* COLComponentRingModulator.h */ = {isa = PBXFileReference; fileEncoding = 4; lastKnownFileType = sourcecode.c.h; path = COLComponentRingModulator.h; sourceTree = "<group>"; };
		6CBB7CFE1AEED877006DD7A1 /* COLComponentRingModulator.m */ = {isa = PBXFileReference; fileEncoding = 4; lastKnownFileType = sourcecode.c.objc; path = COLComponentRingModulator.m; sourceTree = "<group>"; };
		6CBB7D011AEEF0B9006DD7A1 /* COLComponentSequencer.h */ = {isa = PBXFileReference; fileEncoding = 4; lastKnownFileType = sourcecode.c.h; path = COLComponentSequencer.h; sourceTree = "<group>"; };
		6CBB7D021AEEF0B9006DD7A1 /* COLComponentSequencer.m */ = {isa = PBXFileReference; fileEncoding = 4; lastKnownFileType = sourcecode.c.objc; path = COLComponentSequencer.m; sourceTree = "<group>"; };
		6CD59F191AD47DB300505985 /* COLComponentMultiplesKB.h */ = {isa = PBXFileReference; fileEncoding = 4; lastKnownFileType = sourcecode.c.h; path = COLComponentMultiplesKB.h; sourceTree = "<group>"; };
		6CD59F1A1AD47DB300505985 /* COLComponentMultiplesKB.m */ = {isa = PBXFileReference; fileEncoding = 4; lastKnownFileType = sourcecode.c.objc; path = COLComponentMultiplesKB.m; sourceTree = "<group>"; };
/* End PBXFileReference section */

/* Begin PBXFrameworksBuildPhase section */
		6C2A5E6E1A8BF30500ECEAB2 /* Frameworks */ = {
			isa = PBXFrameworksBuildPhase;
			buildActionMask = 2147483647;
			files = (
			);
			runOnlyForDeploymentPostprocessing = 0;
		};
/* End PBXFrameworksBuildPhase section */

/* Begin PBXGroup section */
		6C11547B1A8E346E005CF194 /* Components */ = {
			isa = PBXGroup;
			children = (
				6CB322F51A9BE5350052AE50 /* COLComponents.h */,
				6C310D401A8D721900A97D82 /* COLComponentVCO.h */,
				6C310D411A8D721900A97D82 /* COLComponentVCO.m */,
				6C1154781A8E3468005CF194 /* COLComponentLFO.h */,
				6C1154791A8E3468005CF194 /* COLComponentLFO.m */,
				6C65A4E41A9117CF000D9192 /* COLComponentWavePlayer.h */,
				6C65A4E51A9117CF000D9192 /* COLComponentWavePlayer.m */,
				6C41E22E1AA1C78800887B50 /* COLComponentEnvelope.h */,
				6C41E22F1AA1C78800887B50 /* COLComponentEnvelope.m */,
				6C0D487B1AC358C2008AD869 /* COLKeyboardComponent.h */,
				6C0D487C1AC358C2008AD869 /* COLKeyboardComponent.m */,
				6C5C5E0D1AC77AC5002BFA95 /* COLComponentVCA.h */,
				6C5C5E0E1AC77AC5002BFA95 /* COLComponentVCA.m */,
				6C300BE81AD3285C00D51544 /* COLComponentMultiples.h */,
				6C300BE91AD3285C00D51544 /* COLComponentMultiples.m */,
				6CD59F191AD47DB300505985 /* COLComponentMultiplesKB.h */,
				6CD59F1A1AD47DB300505985 /* COLComponentMultiplesKB.m */,
				6C300BEC1AD336EF00D51544 /* COLComponentMixer2.h */,
				6C300BED1AD336EF00D51544 /* COLComponentMixer2.m */,
				6C8C15911ADC51DC0077460A /* COLComponentVCF.h */,
				6C8C15921ADC51DC0077460A /* COLComponentVCF.m */,
				6C7458FC1AE835AE00AEC106 /* COLComponentPan.h */,
				6C7458FD1AE835AE00AEC106 /* COLComponentPan.m */,
				6CBB7CFD1AEED877006DD7A1 /* COLComponentRingModulator.h */,
				6CBB7CFE1AEED877006DD7A1 /* COLComponentRingModulator.m */,
				6CBB7D011AEEF0B9006DD7A1 /* COLComponentSequencer.h */,
				6CBB7D021AEEF0B9006DD7A1 /* COLComponentSequencer.m */,
			);
			name = Components;
			sourceTree = "<group>";
		};
		6C2A5E681A8BF30500ECEAB2 = {
			isa = PBXGroup;
			children = (
				6C2A5E731A8BF30500ECEAB2 /* ColaLib */,
				6C2A5E721A8BF30500ECEAB2 /* Products */,
			);
			sourceTree = "<group>";
		};
		6C2A5E721A8BF30500ECEAB2 /* Products */ = {
			isa = PBXGroup;
			children = (
				6C2A5E711A8BF30500ECEAB2 /* libColaLib.a */,
			);
			name = Products;
			sourceTree = "<group>";
		};
		6C2A5E731A8BF30500ECEAB2 /* ColaLib */ = {
			isa = PBXGroup;
			children = (
				6C2A5E741A8BF30500ECEAB2 /* ColaLib.h */,
				6C7B27CD1A8D581100AFD384 /* COLDefines.h */,
				6C7B27CB1A8D57BD00AFD384 /* COLAudioEnvironment.h */,
				6C2A5E9B1A8BF7B100ECEAB2 /* COLAudioEnvironment.m */,
				6C7B27CC1A8D57EF00AFD384 /* COLAudioEngine.h */,
				6C2A5E971A8BF5BE00ECEAB2 /* COLAudioEngine.m */,
				6C3AA0861A94039500DAAC09 /* COLAudioContext.h */,
				6C3AA0871A94039500DAAC09 /* COLAudioContext.m */,
				6C7B27C21A8D560100AFD384 /* COLComponent.h */,
				6C7B27C31A8D560100AFD384 /* COLComponent.m */,
				6C1154731A8E306D005CF194 /* COLComponentIO.h */,
				6C1154741A8E306D005CF194 /* COLComponentIO.m */,
				6C7B27C51A8D578F00AFD384 /* COLComponentOutput.h */,
				6C7B27C61A8D578F00AFD384 /* COLComponentOutput.m */,
				6C7B27C81A8D57AF00AFD384 /* COLComponentInput.h */,
				6C7B27C91A8D57AF00AFD384 /* COLComponentInput.m */,
				6C172A361ACC20F100BE1418 /* COLParameter.h */,
				6C172A371ACC20F100BE1418 /* COLParameter.m */,
				6CB322EC1A9BC1110052AE50 /* COLContinuousParameter.h */,
				6CB322ED1A9BC1110052AE50 /* COLContinuousParameter.m */,
				6C172A331ACC202D00BE1418 /* COLDiscreteParameter.h */,
				6C172A4B1ACC49B700BE1418 /* COLDiscreteParameter.m */,
				6C64D7001AD9A4A900012108 /* NSString+Random.h */,
				6C64D7011AD9A4A900012108 /* NSString+Random.m */,
				6C11547B1A8E346E005CF194 /* Components */,
			);
			path = ColaLib;
			sourceTree = "<group>";
		};
/* End PBXGroup section */

/* Begin PBXNativeTarget section */
		6C2A5E701A8BF30500ECEAB2 /* ColaLib */ = {
			isa = PBXNativeTarget;
			buildConfigurationList = 6C2A5E851A8BF30500ECEAB2 /* Build configuration list for PBXNativeTarget "ColaLib" */;
			buildPhases = (
				6C2A5E6D1A8BF30500ECEAB2 /* Sources */,
				6C2A5E6E1A8BF30500ECEAB2 /* Frameworks */,
				6C2A5E6F1A8BF30500ECEAB2 /* CopyFiles */,
			);
			buildRules = (
			);
			dependencies = (
			);
			name = ColaLib;
			productName = ColaLib;
			productReference = 6C2A5E711A8BF30500ECEAB2 /* libColaLib.a */;
			productType = "com.apple.product-type.library.static";
		};
/* End PBXNativeTarget section */

/* Begin PBXProject section */
		6C2A5E691A8BF30500ECEAB2 /* Project object */ = {
			isa = PBXProject;
			attributes = {
				LastUpgradeCheck = 0610;
				ORGANIZATIONNAME = "Chris Rivers";
				TargetAttributes = {
					6C2A5E701A8BF30500ECEAB2 = {
						CreatedOnToolsVersion = 6.1.1;
					};
				};
			};
			buildConfigurationList = 6C2A5E6C1A8BF30500ECEAB2 /* Build configuration list for PBXProject "ColaLib" */;
			compatibilityVersion = "Xcode 3.2";
			developmentRegion = English;
			hasScannedForEncodings = 0;
			knownRegions = (
				en,
			);
			mainGroup = 6C2A5E681A8BF30500ECEAB2;
			productRefGroup = 6C2A5E721A8BF30500ECEAB2 /* Products */;
			projectDirPath = "";
			projectRoot = "";
			targets = (
				6C2A5E701A8BF30500ECEAB2 /* ColaLib */,
			);
		};
/* End PBXProject section */

/* Begin PBXSourcesBuildPhase section */
		6C2A5E6D1A8BF30500ECEAB2 /* Sources */ = {
			isa = PBXSourcesBuildPhase;
			buildActionMask = 2147483647;
			files = (
				6C300BEA1AD3285C00D51544 /* COLComponentMultiples.m in Sources */,
				6CB322EE1A9BC1110052AE50 /* COLContinuousParameter.m in Sources */,
				6C3AA0881A94039500DAAC09 /* COLAudioContext.m in Sources */,
				6C2A5E981A8BF5BE00ECEAB2 /* COLAudioEngine.m in Sources */,
				6C172A4D1ACC4C3900BE1418 /* COLDiscreteParameter.m in Sources */,
				6C300BEE1AD336EF00D51544 /* COLComponentMixer2.m in Sources */,
				6CBB7D031AEEF0B9006DD7A1 /* COLComponentSequencer.m in Sources */,
				6C7458FE1AE835AE00AEC106 /* COLComponentPan.m in Sources */,
				6C310D421A8D721900A97D82 /* COLComponentVCO.m in Sources */,
				6C5C5E0F1AC77AC5002BFA95 /* COLComponentVCA.m in Sources */,
				6C64D7021AD9A4A900012108 /* NSString+Random.m in Sources */,
				6C7B27CA1A8D57AF00AFD384 /* COLComponentInput.m in Sources */,
				6CD59F1B1AD47DB300505985 /* COLComponentMultiplesKB.m in Sources */,
				6CBB7CFF1AEED877006DD7A1 /* COLComponentRingModulator.m in Sources */,
				6C0D487D1AC358C2008AD869 /* COLKeyboardComponent.m in Sources */,
				6C1154751A8E306D005CF194 /* COLComponentIO.m in Sources */,
				6C172A381ACC20F100BE1418 /* COLParameter.m in Sources */,
				6C8C15931ADC51DC0077460A /* COLComponentVCF.m in Sources */,
				6C65A4E61A9117CF000D9192 /* COLComponentWavePlayer.m in Sources */,
				6C7B27C71A8D578F00AFD384 /* COLComponentOutput.m in Sources */,
				6C11547A1A8E3468005CF194 /* COLComponentLFO.m in Sources */,
				6C7B27C41A8D560100AFD384 /* COLComponent.m in Sources */,
				6C41E2301AA1C78800887B50 /* COLComponentEnvelope.m in Sources */,
				6C2A5E9C1A8BF7B100ECEAB2 /* COLAudioEnvironment.m in Sources */,
			);
			runOnlyForDeploymentPostprocessing = 0;
		};
/* End PBXSourcesBuildPhase section */

/* Begin XCBuildConfiguration section */
		6C2A5E831A8BF30500ECEAB2 /* Debug */ = {
			isa = XCBuildConfiguration;
			buildSettings = {
				ALWAYS_SEARCH_USER_PATHS = NO;
				CLANG_CXX_LANGUAGE_STANDARD = "gnu++0x";
				CLANG_CXX_LIBRARY = "libc++";
				CLANG_ENABLE_MODULES = YES;
				CLANG_ENABLE_OBJC_ARC = YES;
				CLANG_WARN_BOOL_CONVERSION = YES;
				CLANG_WARN_CONSTANT_CONVERSION = YES;
				CLANG_WARN_DIRECT_OBJC_ISA_USAGE = YES_ERROR;
				CLANG_WARN_EMPTY_BODY = YES;
				CLANG_WARN_ENUM_CONVERSION = YES;
				CLANG_WARN_INT_CONVERSION = YES;
				CLANG_WARN_OBJC_ROOT_CLASS = YES_ERROR;
				CLANG_WARN_UNREACHABLE_CODE = YES;
				CLANG_WARN__DUPLICATE_METHOD_MATCH = YES;
				COPY_PHASE_STRIP = NO;
				ENABLE_STRICT_OBJC_MSGSEND = YES;
				GCC_C_LANGUAGE_STANDARD = gnu99;
				GCC_DYNAMIC_NO_PIC = NO;
				GCC_OPTIMIZATION_LEVEL = 0;
				GCC_PREPROCESSOR_DEFINITIONS = (
					"DEBUG=1",
					"$(inherited)",
				);
				GCC_SYMBOLS_PRIVATE_EXTERN = NO;
				GCC_WARN_64_TO_32_BIT_CONVERSION = YES;
				GCC_WARN_ABOUT_RETURN_TYPE = YES_ERROR;
				GCC_WARN_UNDECLARED_SELECTOR = YES;
				GCC_WARN_UNINITIALIZED_AUTOS = YES_AGGRESSIVE;
				GCC_WARN_UNUSED_FUNCTION = YES;
				GCC_WARN_UNUSED_VARIABLE = YES;
				IPHONEOS_DEPLOYMENT_TARGET = 8.1;
				MTL_ENABLE_DEBUG_INFO = YES;
				ONLY_ACTIVE_ARCH = YES;
				SDKROOT = iphoneos;
			};
			name = Debug;
		};
		6C2A5E841A8BF30500ECEAB2 /* Release */ = {
			isa = XCBuildConfiguration;
			buildSettings = {
				ALWAYS_SEARCH_USER_PATHS = NO;
				CLANG_CXX_LANGUAGE_STANDARD = "gnu++0x";
				CLANG_CXX_LIBRARY = "libc++";
				CLANG_ENABLE_MODULES = YES;
				CLANG_ENABLE_OBJC_ARC = YES;
				CLANG_WARN_BOOL_CONVERSION = YES;
				CLANG_WARN_CONSTANT_CONVERSION = YES;
				CLANG_WARN_DIRECT_OBJC_ISA_USAGE = YES_ERROR;
				CLANG_WARN_EMPTY_BODY = YES;
				CLANG_WARN_ENUM_CONVERSION = YES;
				CLANG_WARN_INT_CONVERSION = YES;
				CLANG_WARN_OBJC_ROOT_CLASS = YES_ERROR;
				CLANG_WARN_UNREACHABLE_CODE = YES;
				CLANG_WARN__DUPLICATE_METHOD_MATCH = YES;
				COPY_PHASE_STRIP = YES;
				ENABLE_NS_ASSERTIONS = NO;
				ENABLE_STRICT_OBJC_MSGSEND = YES;
				GCC_C_LANGUAGE_STANDARD = gnu99;
				GCC_WARN_64_TO_32_BIT_CONVERSION = YES;
				GCC_WARN_ABOUT_RETURN_TYPE = YES_ERROR;
				GCC_WARN_UNDECLARED_SELECTOR = YES;
				GCC_WARN_UNINITIALIZED_AUTOS = YES_AGGRESSIVE;
				GCC_WARN_UNUSED_FUNCTION = YES;
				GCC_WARN_UNUSED_VARIABLE = YES;
				IPHONEOS_DEPLOYMENT_TARGET = 8.1;
				MTL_ENABLE_DEBUG_INFO = NO;
				SDKROOT = iphoneos;
				VALIDATE_PRODUCT = YES;
			};
			name = Release;
		};
		6C2A5E861A8BF30500ECEAB2 /* Debug */ = {
			isa = XCBuildConfiguration;
			buildSettings = {
				ALWAYS_SEARCH_USER_PATHS = NO;
				OTHER_LDFLAGS = "-ObjC";
				PRODUCT_NAME = "$(TARGET_NAME)";
				SKIP_INSTALL = YES;
			};
			name = Debug;
		};
		6C2A5E871A8BF30500ECEAB2 /* Release */ = {
			isa = XCBuildConfiguration;
			buildSettings = {
				ALWAYS_SEARCH_USER_PATHS = NO;
				OTHER_LDFLAGS = "-ObjC";
				PRODUCT_NAME = "$(TARGET_NAME)";
				SKIP_INSTALL = YES;
			};
			name = Release;
		};
/* End XCBuildConfiguration section */

/* Begin XCConfigurationList section */
		6C2A5E6C1A8BF30500ECEAB2 /* Build configuration list for PBXProject "ColaLib" */ = {
			isa = XCConfigurationList;
			buildConfigurations = (
				6C2A5E831A8BF30500ECEAB2 /* Debug */,
				6C2A5E841A8BF30500ECEAB2 /* Release */,
			);
			defaultConfigurationIsVisible = 0;
			defaultConfigurationName = Release;
		};
		6C2A5E851A8BF30500ECEAB2 /* Build configuration list for PBXNativeTarget "ColaLib" */ = {
			isa = XCConfigurationList;
			buildConfigurations = (
				6C2A5E861A8BF30500ECEAB2 /* Debug */,
				6C2A5E871A8BF30500ECEAB2 /* Release */,
			);
			defaultConfigurationIsVisible = 0;
			defaultConfigurationName = Release;
		};
/* End XCConfigurationList section */
	};
	rootObject = 6C2A5E691A8BF30500ECEAB2 /* Project object */;
}
