// !$*UTF8*$!
{
	archiveVersion = 1;
	classes = {
	};
	objectVersion = 46;
	objects = {

/* Begin PBXBuildFile section */
		6C0B16B21ADBD5F70058BA18 /* FilesViewController.m in Sources */ = {isa = PBXBuildFile; fileRef = 6C0B16B11ADBD5F70058BA18 /* FilesViewController.m */; };
		6C0BAEBE1B1BBA94007314CB /* IAAView.m in Sources */ = {isa = PBXBuildFile; fileRef = 6C0BAEBD1B1BBA94007314CB /* IAAView.m */; };
		6C0D48831AC3663D008AD869 /* KeyboardView.m in Sources */ = {isa = PBXBuildFile; fileRef = 6C0D48821AC3663D008AD869 /* KeyboardView.m */; };
		6C0F86D11AA7B2220092FB18 /* BuildViewController.m in Sources */ = {isa = PBXBuildFile; fileRef = 6C0F86D01AA7B2220092FB18 /* BuildViewController.m */; };
		6C0F86D81AA7BEB70092FB18 /* ComponentShelfView.m in Sources */ = {isa = PBXBuildFile; fileRef = 6C0F86D71AA7BEB70092FB18 /* ComponentShelfView.m */; };
		6C0F86DC1AA7C1330092FB18 /* ComponentShelfCollectionViewCell.m in Sources */ = {isa = PBXBuildFile; fileRef = 6C0F86DB1AA7C1330092FB18 /* ComponentShelfCollectionViewCell.m */; };
		6C1201091AAE44D200C6ACB6 /* ModuleDescription.m in Sources */ = {isa = PBXBuildFile; fileRef = 6C1201081AAE44D200C6ACB6 /* ModuleDescription.m */; };
		6C12010B1AAE49A100C6ACB6 /* moduleCatalog.json in Resources */ = {isa = PBXBuildFile; fileRef = 6C12010A1AAE49A100C6ACB6 /* moduleCatalog.json */; };
		6C172A311ACC1EDD00BE1418 /* RotarySwitch.m in Sources */ = {isa = PBXBuildFile; fileRef = 6C172A301ACC1EDD00BE1418 /* RotarySwitch.m */; };
		6C172A421ACC256100BE1418 /* ControlView.m in Sources */ = {isa = PBXBuildFile; fileRef = 6C172A411ACC256100BE1418 /* ControlView.m */; };
		6C1CF0DD1AC202F50004A2FA /* BuildViewGridLayer.m in Sources */ = {isa = PBXBuildFile; fileRef = 6C1CF0DC1AC202F50004A2FA /* BuildViewGridLayer.m */; };
		6C1CF0E01AC206BD0004A2FA /* BuildViewHighlightLayer.m in Sources */ = {isa = PBXBuildFile; fileRef = 6C1CF0DF1AC206BD0004A2FA /* BuildViewHighlightLayer.m */; };
		6C1CF0E31AC20A020004A2FA /* BuildViewCableLayer.m in Sources */ = {isa = PBXBuildFile; fileRef = 6C1CF0E21AC20A020004A2FA /* BuildViewCableLayer.m */; };
		6C21D86A1ADD2AC000CCFDD4 /* UIView+Snapshot.m in Sources */ = {isa = PBXBuildFile; fileRef = 6C21D8691ADD2AC000CCFDD4 /* UIView+Snapshot.m */; };
		6C2A5E221A8BF2CC00ECEAB2 /* main.m in Sources */ = {isa = PBXBuildFile; fileRef = 6C2A5E211A8BF2CC00ECEAB2 /* main.m */; };
		6C2A5E251A8BF2CC00ECEAB2 /* AppDelegate.m in Sources */ = {isa = PBXBuildFile; fileRef = 6C2A5E241A8BF2CC00ECEAB2 /* AppDelegate.m */; };
		6C2A5E2D1A8BF2CC00ECEAB2 /* Images.xcassets in Resources */ = {isa = PBXBuildFile; fileRef = 6C2A5E2C1A8BF2CC00ECEAB2 /* Images.xcassets */; };
		6C2A5EA31A8C0B2A00ECEAB2 /* Interapp.txt in Resources */ = {isa = PBXBuildFile; fileRef = 6C2A5EA21A8C0B2A00ECEAB2 /* Interapp.txt */; };
		6C2A5EA61A8C0B8D00ECEAB2 /* AudioToolbox.framework in Frameworks */ = {isa = PBXBuildFile; fileRef = 6C2A5EA51A8C0B8D00ECEAB2 /* AudioToolbox.framework */; };
		6C300BE61AD3182E00D51544 /* NSString+Random.m in Sources */ = {isa = PBXBuildFile; fileRef = 6C300BE51AD3182E00D51544 /* NSString+Random.m */; };
		6C37DAC51C58F5A300BF0C97 /* SequencerSubview.xib in Resources */ = {isa = PBXBuildFile; fileRef = 6C37DAC41C58F5A300BF0C97 /* SequencerSubview.xib */; };
		6C37DAC91C5905F400BF0C97 /* SequencerSubview.m in Sources */ = {isa = PBXBuildFile; fileRef = 6C37DAC81C5905F400BF0C97 /* SequencerSubview.m */; };
		6C37DACC1C5908C300BF0C97 /* ModuleSubview.m in Sources */ = {isa = PBXBuildFile; fileRef = 6C37DACB1C5908C300BF0C97 /* ModuleSubview.m */; };
		6C59C5661ABF4273001EE663 /* ConnectorView.m in Sources */ = {isa = PBXBuildFile; fileRef = 6C59C5651ABF4273001EE663 /* ConnectorView.m */; };
		6C64D6FE1AD9394800012108 /* MasterModuleView.m in Sources */ = {isa = PBXBuildFile; fileRef = 6C64D6FD1AD9394800012108 /* MasterModuleView.m */; };
		6C64D7061AD9B0DD00012108 /* PresetController.m in Sources */ = {isa = PBXBuildFile; fileRef = 6C64D7051AD9B0DD00012108 /* PresetController.m */; };
		6C6DB53D1AD6B48C0001343E /* ModuleCatalog.m in Sources */ = {isa = PBXBuildFile; fileRef = 6C6DB53C1AD6B48C0001343E /* ModuleCatalog.m */; };
		6C7459021AE84D3200AEC106 /* BuildViewScrollView.m in Sources */ = {isa = PBXBuildFile; fileRef = 6C7459011AE84D3200AEC106 /* BuildViewScrollView.m */; };
		6C7D48741BE226C20092BC95 /* AVFoundation.framework in Frameworks */ = {isa = PBXBuildFile; fileRef = 6C7D48721BE226870092BC95 /* AVFoundation.framework */; };
		6C7D48751BE227430092BC95 /* libColaLib.a in Frameworks */ = {isa = PBXBuildFile; fileRef = 6C2A5E911A8BF30600ECEAB2 /* libColaLib.a */; };
		6C8DD2911AC0AB1200320628 /* RotaryEncoder.m in Sources */ = {isa = PBXBuildFile; fileRef = 6C8DD2901AC0AB1200320628 /* RotaryEncoder.m */; };
		6C8DD2951AC0C9CC00320628 /* ModuleView.m in Sources */ = {isa = PBXBuildFile; fileRef = 6C8DD2941AC0C9CC00320628 /* ModuleView.m */; };
		6C98BACD1C57A94900751CC6 /* SequencerLED.m in Sources */ = {isa = PBXBuildFile; fileRef = 6C98BACC1C57A94900751CC6 /* SequencerLED.m */; };
		6CAD08421C637E9C006B4020 /* SequencerKnob.m in Sources */ = {isa = PBXBuildFile; fileRef = 6CAD08411C637E9C006B4020 /* SequencerKnob.m */; };
		6CB828381AC2F58000610DD4 /* ImageAssets in Resources */ = {isa = PBXBuildFile; fileRef = 6CB828371AC2F58000610DD4 /* ImageAssets */; };
		6CB8283E1AC3077800610DD4 /* UIColor+Shades.m in Sources */ = {isa = PBXBuildFile; fileRef = 6CB8283D1AC3077800610DD4 /* UIColor+Shades.m */; };
		6CB8FAAB1BEE671B00DCAB2E /* UIImage+Resize.m in Sources */ = {isa = PBXBuildFile; fileRef = 6CB8FAAA1BEE671B00DCAB2E /* UIImage+Resize.m */; };
		6CCA30B31AE10B5500CAF1AF /* FilesViewControllerCell.m in Sources */ = {isa = PBXBuildFile; fileRef = 6CCA30B21AE10B5500CAF1AF /* FilesViewControllerCell.m */; };
		6CDA9F141AA9017E00D64EB0 /* BuildView.mm in Sources */ = {isa = PBXBuildFile; fileRef = 6CDA9F131AA9017E00D64EB0 /* BuildView.mm */; };
		6CEF81151ACC779000FB1943 /* Icons in Resources */ = {isa = PBXBuildFile; fileRef = 6CEF81141ACC779000FB1943 /* Icons */; };
		83CF1FC51C444FF400C159C7 /* StateButton.m in Sources */ = {isa = PBXBuildFile; fileRef = 83CF1FC41C444FF400C159C7 /* StateButton.m */; };
		83F313DF1C56D0CC00356B2E /* Sequencer.xcassets in Resources */ = {isa = PBXBuildFile; fileRef = 83F313DE1C56D0CC00356B2E /* Sequencer.xcassets */; };
		83F313E51C56DCD400356B2E /* SequencerButton.m in Sources */ = {isa = PBXBuildFile; fileRef = 83F313E41C56DCD400356B2E /* SequencerButton.m */; };
/* End PBXBuildFile section */

/* Begin PBXContainerItemProxy section */
		6C2A5E901A8BF30600ECEAB2 /* PBXContainerItemProxy */ = {
			isa = PBXContainerItemProxy;
			containerPortal = 6C2A5E8B1A8BF30500ECEAB2 /* ColaLib.xcodeproj */;
			proxyType = 2;
			remoteGlobalIDString = 6C2A5E711A8BF30500ECEAB2;
			remoteInfo = ColaLib;
		};
/* End PBXContainerItemProxy section */

/* Begin PBXFileReference section */
		6C0B16B01ADBD5F70058BA18 /* FilesViewController.h */ = {isa = PBXFileReference; fileEncoding = 4; lastKnownFileType = sourcecode.c.h; path = FilesViewController.h; sourceTree = "<group>"; };
		6C0B16B11ADBD5F70058BA18 /* FilesViewController.m */ = {isa = PBXFileReference; fileEncoding = 4; lastKnownFileType = sourcecode.c.objc; path = FilesViewController.m; sourceTree = "<group>"; };
		6C0BAEBC1B1BBA94007314CB /* IAAView.h */ = {isa = PBXFileReference; fileEncoding = 4; lastKnownFileType = sourcecode.c.h; path = IAAView.h; sourceTree = "<group>"; };
		6C0BAEBD1B1BBA94007314CB /* IAAView.m */ = {isa = PBXFileReference; fileEncoding = 4; lastKnownFileType = sourcecode.c.objc; path = IAAView.m; sourceTree = "<group>"; };
		6C0D48811AC3663D008AD869 /* KeyboardView.h */ = {isa = PBXFileReference; fileEncoding = 4; lastKnownFileType = sourcecode.c.h; path = KeyboardView.h; sourceTree = "<group>"; };
		6C0D48821AC3663D008AD869 /* KeyboardView.m */ = {isa = PBXFileReference; fileEncoding = 4; lastKnownFileType = sourcecode.c.objc; path = KeyboardView.m; sourceTree = "<group>"; };
		6C0F86CF1AA7B2220092FB18 /* BuildViewController.h */ = {isa = PBXFileReference; fileEncoding = 4; lastKnownFileType = sourcecode.c.h; path = BuildViewController.h; sourceTree = "<group>"; };
		6C0F86D01AA7B2220092FB18 /* BuildViewController.m */ = {isa = PBXFileReference; fileEncoding = 4; lastKnownFileType = sourcecode.c.objc; path = BuildViewController.m; sourceTree = "<group>"; };
		6C0F86D61AA7BEB70092FB18 /* ComponentShelfView.h */ = {isa = PBXFileReference; fileEncoding = 4; lastKnownFileType = sourcecode.c.h; path = ComponentShelfView.h; sourceTree = "<group>"; };
		6C0F86D71AA7BEB70092FB18 /* ComponentShelfView.m */ = {isa = PBXFileReference; fileEncoding = 4; lastKnownFileType = sourcecode.c.objc; path = ComponentShelfView.m; sourceTree = "<group>"; };
		6C0F86DA1AA7C1330092FB18 /* ComponentShelfCollectionViewCell.h */ = {isa = PBXFileReference; fileEncoding = 4; lastKnownFileType = sourcecode.c.h; path = ComponentShelfCollectionViewCell.h; sourceTree = "<group>"; };
		6C0F86DB1AA7C1330092FB18 /* ComponentShelfCollectionViewCell.m */ = {isa = PBXFileReference; fileEncoding = 4; lastKnownFileType = sourcecode.c.objc; path = ComponentShelfCollectionViewCell.m; sourceTree = "<group>"; };
		6C1201071AAE44D200C6ACB6 /* ModuleDescription.h */ = {isa = PBXFileReference; fileEncoding = 4; lastKnownFileType = sourcecode.c.h; path = ModuleDescription.h; sourceTree = "<group>"; };
		6C1201081AAE44D200C6ACB6 /* ModuleDescription.m */ = {isa = PBXFileReference; fileEncoding = 4; lastKnownFileType = sourcecode.c.objc; path = ModuleDescription.m; sourceTree = "<group>"; };
		6C12010A1AAE49A100C6ACB6 /* moduleCatalog.json */ = {isa = PBXFileReference; fileEncoding = 4; lastKnownFileType = text.json; path = moduleCatalog.json; sourceTree = "<group>"; };
		6C172A2F1ACC1EDD00BE1418 /* RotarySwitch.h */ = {isa = PBXFileReference; fileEncoding = 4; lastKnownFileType = sourcecode.c.h; path = RotarySwitch.h; sourceTree = "<group>"; };
		6C172A301ACC1EDD00BE1418 /* RotarySwitch.m */ = {isa = PBXFileReference; fileEncoding = 4; lastKnownFileType = sourcecode.c.objc; path = RotarySwitch.m; sourceTree = "<group>"; };
		6C172A401ACC256100BE1418 /* ControlView.h */ = {isa = PBXFileReference; fileEncoding = 4; lastKnownFileType = sourcecode.c.h; path = ControlView.h; sourceTree = "<group>"; };
		6C172A411ACC256100BE1418 /* ControlView.m */ = {isa = PBXFileReference; fileEncoding = 4; lastKnownFileType = sourcecode.c.objc; path = ControlView.m; sourceTree = "<group>"; };
		6C1CF0DB1AC202F50004A2FA /* BuildViewGridLayer.h */ = {isa = PBXFileReference; fileEncoding = 4; lastKnownFileType = sourcecode.c.h; path = BuildViewGridLayer.h; sourceTree = "<group>"; };
		6C1CF0DC1AC202F50004A2FA /* BuildViewGridLayer.m */ = {isa = PBXFileReference; fileEncoding = 4; lastKnownFileType = sourcecode.c.objc; path = BuildViewGridLayer.m; sourceTree = "<group>"; };
		6C1CF0DE1AC206BD0004A2FA /* BuildViewHighlightLayer.h */ = {isa = PBXFileReference; fileEncoding = 4; lastKnownFileType = sourcecode.c.h; path = BuildViewHighlightLayer.h; sourceTree = "<group>"; };
		6C1CF0DF1AC206BD0004A2FA /* BuildViewHighlightLayer.m */ = {isa = PBXFileReference; fileEncoding = 4; lastKnownFileType = sourcecode.c.objc; path = BuildViewHighlightLayer.m; sourceTree = "<group>"; };
		6C1CF0E11AC20A020004A2FA /* BuildViewCableLayer.h */ = {isa = PBXFileReference; fileEncoding = 4; lastKnownFileType = sourcecode.c.h; path = BuildViewCableLayer.h; sourceTree = "<group>"; };
		6C1CF0E21AC20A020004A2FA /* BuildViewCableLayer.m */ = {isa = PBXFileReference; fileEncoding = 4; lastKnownFileType = sourcecode.c.objc; path = BuildViewCableLayer.m; sourceTree = "<group>"; };
		6C1DB6B11AADDEB60041F5F9 /* defines.h */ = {isa = PBXFileReference; lastKnownFileType = sourcecode.c.h; path = defines.h; sourceTree = "<group>"; };
		6C21D8681ADD2AC000CCFDD4 /* UIView+Snapshot.h */ = {isa = PBXFileReference; fileEncoding = 4; lastKnownFileType = sourcecode.c.h; path = "UIView+Snapshot.h"; sourceTree = "<group>"; };
		6C21D8691ADD2AC000CCFDD4 /* UIView+Snapshot.m */ = {isa = PBXFileReference; fileEncoding = 4; lastKnownFileType = sourcecode.c.objc; path = "UIView+Snapshot.m"; sourceTree = "<group>"; };
		6C2A5E1C1A8BF2CC00ECEAB2 /* ColaApp.app */ = {isa = PBXFileReference; explicitFileType = wrapper.application; includeInIndex = 0; path = ColaApp.app; sourceTree = BUILT_PRODUCTS_DIR; };
		6C2A5E201A8BF2CC00ECEAB2 /* Info.plist */ = {isa = PBXFileReference; lastKnownFileType = text.plist.xml; path = Info.plist; sourceTree = "<group>"; };
		6C2A5E211A8BF2CC00ECEAB2 /* main.m */ = {isa = PBXFileReference; lastKnownFileType = sourcecode.c.objc; path = main.m; sourceTree = "<group>"; };
		6C2A5E231A8BF2CC00ECEAB2 /* AppDelegate.h */ = {isa = PBXFileReference; lastKnownFileType = sourcecode.c.h; path = AppDelegate.h; sourceTree = "<group>"; };
		6C2A5E241A8BF2CC00ECEAB2 /* AppDelegate.m */ = {isa = PBXFileReference; lastKnownFileType = sourcecode.c.objc; path = AppDelegate.m; sourceTree = "<group>"; };
		6C2A5E2C1A8BF2CC00ECEAB2 /* Images.xcassets */ = {isa = PBXFileReference; lastKnownFileType = folder.assetcatalog; path = Images.xcassets; sourceTree = "<group>"; };
		6C2A5E2F1A8BF2CC00ECEAB2 /* Base */ = {isa = PBXFileReference; lastKnownFileType = file.xib; name = Base; path = Base.lproj/LaunchScreen.xib; sourceTree = "<group>"; };
		6C2A5E8B1A8BF30500ECEAB2 /* ColaLib.xcodeproj */ = {isa = PBXFileReference; lastKnownFileType = "wrapper.pb-project"; name = ColaLib.xcodeproj; path = ColaLib/ColaLib.xcodeproj; sourceTree = "<group>"; };
		6C2A5EA21A8C0B2A00ECEAB2 /* Interapp.txt */ = {isa = PBXFileReference; fileEncoding = 4; lastKnownFileType = text; path = Interapp.txt; sourceTree = "<group>"; };
		6C2A5EA41A8C0B8D00ECEAB2 /* ColaApp.entitlements */ = {isa = PBXFileReference; lastKnownFileType = text.xml; path = ColaApp.entitlements; sourceTree = "<group>"; };
		6C2A5EA51A8C0B8D00ECEAB2 /* AudioToolbox.framework */ = {isa = PBXFileReference; lastKnownFileType = wrapper.framework; name = AudioToolbox.framework; path = System/Library/Frameworks/AudioToolbox.framework; sourceTree = SDKROOT; };
		6C300BE41AD3182E00D51544 /* NSString+Random.h */ = {isa = PBXFileReference; fileEncoding = 4; lastKnownFileType = sourcecode.c.h; path = "NSString+Random.h"; sourceTree = "<group>"; };
		6C300BE51AD3182E00D51544 /* NSString+Random.m */ = {isa = PBXFileReference; fileEncoding = 4; lastKnownFileType = sourcecode.c.objc; path = "NSString+Random.m"; sourceTree = "<group>"; };
		6C37DAC41C58F5A300BF0C97 /* SequencerSubview.xib */ = {isa = PBXFileReference; fileEncoding = 4; lastKnownFileType = file.xib; path = SequencerSubview.xib; sourceTree = "<group>"; };
		6C37DAC71C5905F400BF0C97 /* SequencerSubview.h */ = {isa = PBXFileReference; fileEncoding = 4; lastKnownFileType = sourcecode.c.h; path = SequencerSubview.h; sourceTree = "<group>"; };
		6C37DAC81C5905F400BF0C97 /* SequencerSubview.m */ = {isa = PBXFileReference; fileEncoding = 4; lastKnownFileType = sourcecode.c.objc; path = SequencerSubview.m; sourceTree = "<group>"; };
		6C37DACA1C5908C300BF0C97 /* ModuleSubview.h */ = {isa = PBXFileReference; fileEncoding = 4; lastKnownFileType = sourcecode.c.h; path = ModuleSubview.h; sourceTree = "<group>"; };
		6C37DACB1C5908C300BF0C97 /* ModuleSubview.m */ = {isa = PBXFileReference; fileEncoding = 4; lastKnownFileType = sourcecode.c.objc; path = ModuleSubview.m; sourceTree = "<group>"; };
		6C59C5641ABF4273001EE663 /* ConnectorView.h */ = {isa = PBXFileReference; fileEncoding = 4; lastKnownFileType = sourcecode.c.h; path = ConnectorView.h; sourceTree = "<group>"; };
		6C59C5651ABF4273001EE663 /* ConnectorView.m */ = {isa = PBXFileReference; fileEncoding = 4; lastKnownFileType = sourcecode.c.objc; path = ConnectorView.m; sourceTree = "<group>"; };
		6C64D6FC1AD9394800012108 /* MasterModuleView.h */ = {isa = PBXFileReference; fileEncoding = 4; lastKnownFileType = sourcecode.c.h; path = MasterModuleView.h; sourceTree = "<group>"; };
		6C64D6FD1AD9394800012108 /* MasterModuleView.m */ = {isa = PBXFileReference; fileEncoding = 4; lastKnownFileType = sourcecode.c.objc; path = MasterModuleView.m; sourceTree = "<group>"; };
		6C64D7041AD9B0DD00012108 /* PresetController.h */ = {isa = PBXFileReference; fileEncoding = 4; lastKnownFileType = sourcecode.c.h; path = PresetController.h; sourceTree = "<group>"; };
		6C64D7051AD9B0DD00012108 /* PresetController.m */ = {isa = PBXFileReference; fileEncoding = 4; lastKnownFileType = sourcecode.c.objc; path = PresetController.m; sourceTree = "<group>"; };
		6C6DB53B1AD6B48C0001343E /* ModuleCatalog.h */ = {isa = PBXFileReference; fileEncoding = 4; lastKnownFileType = sourcecode.c.h; path = ModuleCatalog.h; sourceTree = "<group>"; };
		6C6DB53C1AD6B48C0001343E /* ModuleCatalog.m */ = {isa = PBXFileReference; fileEncoding = 4; lastKnownFileType = sourcecode.c.objc; path = ModuleCatalog.m; sourceTree = "<group>"; };
		6C7459001AE84D3200AEC106 /* BuildViewScrollView.h */ = {isa = PBXFileReference; fileEncoding = 4; lastKnownFileType = sourcecode.c.h; path = BuildViewScrollView.h; sourceTree = "<group>"; };
		6C7459011AE84D3200AEC106 /* BuildViewScrollView.m */ = {isa = PBXFileReference; fileEncoding = 4; lastKnownFileType = sourcecode.c.objc; path = BuildViewScrollView.m; sourceTree = "<group>"; };
		6C7D48721BE226870092BC95 /* AVFoundation.framework */ = {isa = PBXFileReference; lastKnownFileType = wrapper.framework; name = AVFoundation.framework; path = System/Library/Frameworks/AVFoundation.framework; sourceTree = SDKROOT; };
		6C8DD28F1AC0AB1200320628 /* RotaryEncoder.h */ = {isa = PBXFileReference; fileEncoding = 4; lastKnownFileType = sourcecode.c.h; path = RotaryEncoder.h; sourceTree = "<group>"; };
		6C8DD2901AC0AB1200320628 /* RotaryEncoder.m */ = {isa = PBXFileReference; fileEncoding = 4; lastKnownFileType = sourcecode.c.objc; path = RotaryEncoder.m; sourceTree = "<group>"; };
		6C8DD2931AC0C9CC00320628 /* ModuleView.h */ = {isa = PBXFileReference; fileEncoding = 4; lastKnownFileType = sourcecode.c.h; path = ModuleView.h; sourceTree = "<group>"; };
		6C8DD2941AC0C9CC00320628 /* ModuleView.m */ = {isa = PBXFileReference; fileEncoding = 4; lastKnownFileType = sourcecode.c.objc; path = ModuleView.m; sourceTree = "<group>"; };
		6C98BACB1C57A94900751CC6 /* SequencerLED.h */ = {isa = PBXFileReference; fileEncoding = 4; lastKnownFileType = sourcecode.c.h; path = SequencerLED.h; sourceTree = "<group>"; };
		6C98BACC1C57A94900751CC6 /* SequencerLED.m */ = {isa = PBXFileReference; fileEncoding = 4; lastKnownFileType = sourcecode.c.objc; path = SequencerLED.m; sourceTree = "<group>"; };
		6CAD08401C637E9C006B4020 /* SequencerKnob.h */ = {isa = PBXFileReference; fileEncoding = 4; lastKnownFileType = sourcecode.c.h; path = SequencerKnob.h; sourceTree = "<group>"; };
		6CAD08411C637E9C006B4020 /* SequencerKnob.m */ = {isa = PBXFileReference; fileEncoding = 4; lastKnownFileType = sourcecode.c.objc; path = SequencerKnob.m; sourceTree = "<group>"; };
		6CB828371AC2F58000610DD4 /* ImageAssets */ = {isa = PBXFileReference; lastKnownFileType = folder; path = ImageAssets; sourceTree = "<group>"; };
		6CB8283C1AC3077800610DD4 /* UIColor+Shades.h */ = {isa = PBXFileReference; fileEncoding = 4; lastKnownFileType = sourcecode.c.h; path = "UIColor+Shades.h"; sourceTree = "<group>"; };
		6CB8283D1AC3077800610DD4 /* UIColor+Shades.m */ = {isa = PBXFileReference; fileEncoding = 4; lastKnownFileType = sourcecode.c.objc; path = "UIColor+Shades.m"; sourceTree = "<group>"; };
		6CB8FAA91BEE671B00DCAB2E /* UIImage+Resize.h */ = {isa = PBXFileReference; fileEncoding = 4; lastKnownFileType = sourcecode.c.h; path = "UIImage+Resize.h"; sourceTree = "<group>"; };
		6CB8FAAA1BEE671B00DCAB2E /* UIImage+Resize.m */ = {isa = PBXFileReference; fileEncoding = 4; lastKnownFileType = sourcecode.c.objc; path = "UIImage+Resize.m"; sourceTree = "<group>"; };
		6CBA6DC31AE04AA000E28195 /* FilesViewControllerCell.h */ = {isa = PBXFileReference; fileEncoding = 4; lastKnownFileType = sourcecode.c.h; path = FilesViewControllerCell.h; sourceTree = "<group>"; };
		6CCA30B21AE10B5500CAF1AF /* FilesViewControllerCell.m */ = {isa = PBXFileReference; fileEncoding = 4; lastKnownFileType = sourcecode.c.objc; path = FilesViewControllerCell.m; sourceTree = "<group>"; };
		6CDA9F121AA9017E00D64EB0 /* BuildView.h */ = {isa = PBXFileReference; fileEncoding = 4; lastKnownFileType = sourcecode.c.h; path = BuildView.h; sourceTree = "<group>"; };
		6CDA9F131AA9017E00D64EB0 /* BuildView.mm */ = {isa = PBXFileReference; fileEncoding = 4; lastKnownFileType = sourcecode.cpp.objcpp; path = BuildView.mm; sourceTree = "<group>"; };
		6CEF81141ACC779000FB1943 /* Icons */ = {isa = PBXFileReference; lastKnownFileType = folder; path = Icons; sourceTree = "<group>"; };
		83CF1FC31C444FF400C159C7 /* StateButton.h */ = {isa = PBXFileReference; fileEncoding = 4; lastKnownFileType = sourcecode.c.h; path = StateButton.h; sourceTree = "<group>"; };
		83CF1FC41C444FF400C159C7 /* StateButton.m */ = {isa = PBXFileReference; fileEncoding = 4; lastKnownFileType = sourcecode.c.objc; path = StateButton.m; sourceTree = "<group>"; };
		83F313DE1C56D0CC00356B2E /* Sequencer.xcassets */ = {isa = PBXFileReference; lastKnownFileType = folder.assetcatalog; path = Sequencer.xcassets; sourceTree = "<group>"; };
		83F313E31C56DCD400356B2E /* SequencerButton.h */ = {isa = PBXFileReference; fileEncoding = 4; lastKnownFileType = sourcecode.c.h; path = SequencerButton.h; sourceTree = "<group>"; };
		83F313E41C56DCD400356B2E /* SequencerButton.m */ = {isa = PBXFileReference; fileEncoding = 4; lastKnownFileType = sourcecode.c.objc; path = SequencerButton.m; sourceTree = "<group>"; };
/* End PBXFileReference section */

/* Begin PBXFrameworksBuildPhase section */
		6C2A5E191A8BF2CC00ECEAB2 /* Frameworks */ = {
			isa = PBXFrameworksBuildPhase;
			buildActionMask = 2147483647;
			files = (
				6C7D48751BE227430092BC95 /* libColaLib.a in Frameworks */,
				6C7D48741BE226C20092BC95 /* AVFoundation.framework in Frameworks */,
				6C2A5EA61A8C0B8D00ECEAB2 /* AudioToolbox.framework in Frameworks */,
			);
			runOnlyForDeploymentPostprocessing = 0;
		};
/* End PBXFrameworksBuildPhase section */

/* Begin PBXGroup section */
		6C0B16AE1ADBD5D40058BA18 /* FilesView */ = {
			isa = PBXGroup;
			children = (
				6C0B16B01ADBD5F70058BA18 /* FilesViewController.h */,
				6C0B16B11ADBD5F70058BA18 /* FilesViewController.m */,
				6CBA6DC31AE04AA000E28195 /* FilesViewControllerCell.h */,
				6CCA30B21AE10B5500CAF1AF /* FilesViewControllerCell.m */,
			);
			name = FilesView;
			sourceTree = "<group>";
		};
		6C0D487F1AC3662E008AD869 /* KeyboardView */ = {
			isa = PBXGroup;
			children = (
				6C0D48811AC3663D008AD869 /* KeyboardView.h */,
				6C0D48821AC3663D008AD869 /* KeyboardView.m */,
			);
			name = KeyboardView;
			sourceTree = "<group>";
		};
		6C0F86D91AA7BF070092FB18 /* ComponentShelf */ = {
			isa = PBXGroup;
			children = (
				6C0F86D61AA7BEB70092FB18 /* ComponentShelfView.h */,
				6C0F86D71AA7BEB70092FB18 /* ComponentShelfView.m */,
				6C0F86DA1AA7C1330092FB18 /* ComponentShelfCollectionViewCell.h */,
				6C0F86DB1AA7C1330092FB18 /* ComponentShelfCollectionViewCell.m */,
			);
			name = ComponentShelf;
			sourceTree = "<group>";
		};
		6C172A431ACC256B00BE1418 /* Controls */ = {
			isa = PBXGroup;
			children = (
				6C172A401ACC256100BE1418 /* ControlView.h */,
				6C172A411ACC256100BE1418 /* ControlView.m */,
				6C8DD28F1AC0AB1200320628 /* RotaryEncoder.h */,
				6C8DD2901AC0AB1200320628 /* RotaryEncoder.m */,
				6C172A2F1ACC1EDD00BE1418 /* RotarySwitch.h */,
				6C172A301ACC1EDD00BE1418 /* RotarySwitch.m */,
				83CF1FC31C444FF400C159C7 /* StateButton.h */,
				83CF1FC41C444FF400C159C7 /* StateButton.m */,
			);
			name = Controls;
			sourceTree = "<group>";
		};
		6C1962411AC2408900E6A416 /* Layers */ = {
			isa = PBXGroup;
			children = (
				6C1CF0DB1AC202F50004A2FA /* BuildViewGridLayer.h */,
				6C1CF0DC1AC202F50004A2FA /* BuildViewGridLayer.m */,
				6C1CF0DE1AC206BD0004A2FA /* BuildViewHighlightLayer.h */,
				6C1CF0DF1AC206BD0004A2FA /* BuildViewHighlightLayer.m */,
				6C1CF0E11AC20A020004A2FA /* BuildViewCableLayer.h */,
				6C1CF0E21AC20A020004A2FA /* BuildViewCableLayer.m */,
				6CB8283C1AC3077800610DD4 /* UIColor+Shades.h */,
				6CB8283D1AC3077800610DD4 /* UIColor+Shades.m */,
			);
			name = Layers;
			sourceTree = "<group>";
		};
		6C2A5E131A8BF2CC00ECEAB2 = {
			isa = PBXGroup;
			children = (
				6C7D48721BE226870092BC95 /* AVFoundation.framework */,
				6C2A5EA51A8C0B8D00ECEAB2 /* AudioToolbox.framework */,
				6C2A5EA21A8C0B2A00ECEAB2 /* Interapp.txt */,
				6C2A5E8B1A8BF30500ECEAB2 /* ColaLib.xcodeproj */,
				6C2A5E1E1A8BF2CC00ECEAB2 /* ColaApp */,
				6C2A5E1D1A8BF2CC00ECEAB2 /* Products */,
			);
			sourceTree = "<group>";
		};
		6C2A5E1D1A8BF2CC00ECEAB2 /* Products */ = {
			isa = PBXGroup;
			children = (
				6C2A5E1C1A8BF2CC00ECEAB2 /* ColaApp.app */,
			);
			name = Products;
			sourceTree = "<group>";
		};
		6C2A5E1E1A8BF2CC00ECEAB2 /* ColaApp */ = {
			isa = PBXGroup;
			children = (
				6C64D7031AD9B06600012108 /* PresetController */,
				6C2A5EA41A8C0B8D00ECEAB2 /* ColaApp.entitlements */,
				6C1DB6B11AADDEB60041F5F9 /* defines.h */,
				6C2A5E231A8BF2CC00ECEAB2 /* AppDelegate.h */,
				6C2A5E241A8BF2CC00ECEAB2 /* AppDelegate.m */,
				6C6DB53E1AD6C5480001343E /* ModuleCatalog */,
				6C8DD2961AC0DA2400320628 /* BuildView */,
				6C0B16AE1ADBD5D40058BA18 /* FilesView */,
				6C2A5E2E1A8BF2CC00ECEAB2 /* LaunchScreen.xib */,
				6C2A5E2C1A8BF2CC00ECEAB2 /* Images.xcassets */,
				6C65A4E91A9125E1000D9192 /* Resources */,
				6C2A5E1F1A8BF2CC00ECEAB2 /* Supporting Files */,
			);
			path = ColaApp;
			sourceTree = "<group>";
		};
		6C2A5E1F1A8BF2CC00ECEAB2 /* Supporting Files */ = {
			isa = PBXGroup;
			children = (
				6C2A5E201A8BF2CC00ECEAB2 /* Info.plist */,
				6C2A5E211A8BF2CC00ECEAB2 /* main.m */,
			);
			name = "Supporting Files";
			sourceTree = "<group>";
		};
		6C2A5E8C1A8BF30500ECEAB2 /* Products */ = {
			isa = PBXGroup;
			children = (
				6C2A5E911A8BF30600ECEAB2 /* libColaLib.a */,
			);
			name = Products;
			sourceTree = "<group>";
		};
		6C37DAC21C58F58000BF0C97 /* Subviews */ = {
			isa = PBXGroup;
			children = (
				6C37DACA1C5908C300BF0C97 /* ModuleSubview.h */,
				6C37DACB1C5908C300BF0C97 /* ModuleSubview.m */,
				6C37DAC61C58F5D400BF0C97 /* SequencerSubview */,
			);
			name = Subviews;
			sourceTree = "<group>";
		};
		6C37DAC61C58F5D400BF0C97 /* SequencerSubview */ = {
			isa = PBXGroup;
			children = (
				83F313DE1C56D0CC00356B2E /* Sequencer.xcassets */,
				6C37DAC41C58F5A300BF0C97 /* SequencerSubview.xib */,
				6C37DAC71C5905F400BF0C97 /* SequencerSubview.h */,
				6C37DAC81C5905F400BF0C97 /* SequencerSubview.m */,
				83F313E31C56DCD400356B2E /* SequencerButton.h */,
				83F313E41C56DCD400356B2E /* SequencerButton.m */,
				6C98BACB1C57A94900751CC6 /* SequencerLED.h */,
				6C98BACC1C57A94900751CC6 /* SequencerLED.m */,
				6CAD08401C637E9C006B4020 /* SequencerKnob.h */,
				6CAD08411C637E9C006B4020 /* SequencerKnob.m */,
			);
			name = SequencerSubview;
			sourceTree = "<group>";
		};
		6C64D7031AD9B06600012108 /* PresetController */ = {
			isa = PBXGroup;
			children = (
				6C64D7041AD9B0DD00012108 /* PresetController.h */,
				6C64D7051AD9B0DD00012108 /* PresetController.m */,
			);
			name = PresetController;
			sourceTree = "<group>";
		};
		6C65A4E91A9125E1000D9192 /* Resources */ = {
			isa = PBXGroup;
			children = (
				6CEF81141ACC779000FB1943 /* Icons */,
				6CB828371AC2F58000610DD4 /* ImageAssets */,
				6C12010A1AAE49A100C6ACB6 /* moduleCatalog.json */,
			);
			name = Resources;
			sourceTree = "<group>";
		};
		6C6DB53E1AD6C5480001343E /* ModuleCatalog */ = {
			isa = PBXGroup;
			children = (
				6C6DB53B1AD6B48C0001343E /* ModuleCatalog.h */,
				6C6DB53C1AD6B48C0001343E /* ModuleCatalog.m */,
				6C1201071AAE44D200C6ACB6 /* ModuleDescription.h */,
				6C1201081AAE44D200C6ACB6 /* ModuleDescription.m */,
			);
			name = ModuleCatalog;
			sourceTree = "<group>";
		};
		6C8DD2961AC0DA2400320628 /* BuildView */ = {
			isa = PBXGroup;
			children = (
				6C0D487F1AC3662E008AD869 /* KeyboardView */,
				6C0F86CF1AA7B2220092FB18 /* BuildViewController.h */,
				6C0F86D01AA7B2220092FB18 /* BuildViewController.m */,
				6C0BAEBD1B1BBA94007314CB /* IAAView.m */,
				6C0BAEBC1B1BBA94007314CB /* IAAView.h */,
				6C7459001AE84D3200AEC106 /* BuildViewScrollView.h */,
				6C7459011AE84D3200AEC106 /* BuildViewScrollView.m */,
				6CDA9F121AA9017E00D64EB0 /* BuildView.h */,
				6CDA9F131AA9017E00D64EB0 /* BuildView.mm */,
				6C300BE41AD3182E00D51544 /* NSString+Random.h */,
				6C300BE51AD3182E00D51544 /* NSString+Random.m */,
				6C21D8681ADD2AC000CCFDD4 /* UIView+Snapshot.h */,
				6C21D8691ADD2AC000CCFDD4 /* UIView+Snapshot.m */,
				6CB8FAA91BEE671B00DCAB2E /* UIImage+Resize.h */,
				6CB8FAAA1BEE671B00DCAB2E /* UIImage+Resize.m */,
				6C1962411AC2408900E6A416 /* Layers */,
				6CB5DA9A1AC582DF005D80FD /* ModuleView */,
				6C0F86D91AA7BF070092FB18 /* ComponentShelf */,
			);
			name = BuildView;
			sourceTree = "<group>";
		};
		6CB5DA9A1AC582DF005D80FD /* ModuleView */ = {
			isa = PBXGroup;
			children = (
				6C8DD2931AC0C9CC00320628 /* ModuleView.h */,
				6C8DD2941AC0C9CC00320628 /* ModuleView.m */,
				6C59C5641ABF4273001EE663 /* ConnectorView.h */,
				6C59C5651ABF4273001EE663 /* ConnectorView.m */,
				6C64D6FC1AD9394800012108 /* MasterModuleView.h */,
				6C64D6FD1AD9394800012108 /* MasterModuleView.m */,
				6C37DAC21C58F58000BF0C97 /* Subviews */,
				6C172A431ACC256B00BE1418 /* Controls */,
			);
			name = ModuleView;
			sourceTree = "<group>";
		};
/* End PBXGroup section */

/* Begin PBXNativeTarget section */
		6C2A5E1B1A8BF2CC00ECEAB2 /* ColaApp */ = {
			isa = PBXNativeTarget;
			buildConfigurationList = 6C2A5E3F1A8BF2CC00ECEAB2 /* Build configuration list for PBXNativeTarget "ColaApp" */;
			buildPhases = (
				6C2A5E181A8BF2CC00ECEAB2 /* Sources */,
				6C2A5E191A8BF2CC00ECEAB2 /* Frameworks */,
				6C2A5E1A1A8BF2CC00ECEAB2 /* Resources */,
			);
			buildRules = (
			);
			dependencies = (
			);
			name = ColaApp;
			productName = ColaApp;
			productReference = 6C2A5E1C1A8BF2CC00ECEAB2 /* ColaApp.app */;
			productType = "com.apple.product-type.application";
		};
/* End PBXNativeTarget section */

/* Begin PBXProject section */
		6C2A5E141A8BF2CC00ECEAB2 /* Project object */ = {
			isa = PBXProject;
			attributes = {
				LastUpgradeCheck = 0700;
				ORGANIZATIONNAME = "Chris Rivers";
				TargetAttributes = {
					6C2A5E1B1A8BF2CC00ECEAB2 = {
						CreatedOnToolsVersion = 6.1.1;
						DevelopmentTeam = NK7M84AH48;
						SystemCapabilities = {
							com.apple.BackgroundModes = {
								enabled = 1;
							};
							com.apple.InterAppAudio = {
								enabled = 1;
							};
						};
					};
				};
			};
			buildConfigurationList = 6C2A5E171A8BF2CC00ECEAB2 /* Build configuration list for PBXProject "ColaApp" */;
			compatibilityVersion = "Xcode 3.2";
			developmentRegion = English;
			hasScannedForEncodings = 0;
			knownRegions = (
				en,
				Base,
			);
			mainGroup = 6C2A5E131A8BF2CC00ECEAB2;
			productRefGroup = 6C2A5E1D1A8BF2CC00ECEAB2 /* Products */;
			projectDirPath = "";
			projectReferences = (
				{
					ProductGroup = 6C2A5E8C1A8BF30500ECEAB2 /* Products */;
					ProjectRef = 6C2A5E8B1A8BF30500ECEAB2 /* ColaLib.xcodeproj */;
				},
			);
			projectRoot = "";
			targets = (
				6C2A5E1B1A8BF2CC00ECEAB2 /* ColaApp */,
			);
		};
/* End PBXProject section */

/* Begin PBXReferenceProxy section */
		6C2A5E911A8BF30600ECEAB2 /* libColaLib.a */ = {
			isa = PBXReferenceProxy;
			fileType = archive.ar;
			path = libColaLib.a;
			remoteRef = 6C2A5E901A8BF30600ECEAB2 /* PBXContainerItemProxy */;
			sourceTree = BUILT_PRODUCTS_DIR;
		};
/* End PBXReferenceProxy section */

/* Begin PBXResourcesBuildPhase section */
		6C2A5E1A1A8BF2CC00ECEAB2 /* Resources */ = {
			isa = PBXResourcesBuildPhase;
			buildActionMask = 2147483647;
			files = (
				6CEF81151ACC779000FB1943 /* Icons in Resources */,
				83F313DF1C56D0CC00356B2E /* Sequencer.xcassets in Resources */,
				6C12010B1AAE49A100C6ACB6 /* moduleCatalog.json in Resources */,
				6C2A5EA31A8C0B2A00ECEAB2 /* Interapp.txt in Resources */,
				6CB828381AC2F58000610DD4 /* ImageAssets in Resources */,
				6C2A5E2D1A8BF2CC00ECEAB2 /* Images.xcassets in Resources */,
				6C37DAC51C58F5A300BF0C97 /* SequencerSubview.xib in Resources */,
			);
			runOnlyForDeploymentPostprocessing = 0;
		};
/* End PBXResourcesBuildPhase section */

/* Begin PBXSourcesBuildPhase section */
		6C2A5E181A8BF2CC00ECEAB2 /* Sources */ = {
			isa = PBXSourcesBuildPhase;
			buildActionMask = 2147483647;
			files = (
				6C0BAEBE1B1BBA94007314CB /* IAAView.m in Sources */,
				83F313E51C56DCD400356B2E /* SequencerButton.m in Sources */,
				6C59C5661ABF4273001EE663 /* ConnectorView.m in Sources */,
				6C0B16B21ADBD5F70058BA18 /* FilesViewController.m in Sources */,
				6C1201091AAE44D200C6ACB6 /* ModuleDescription.m in Sources */,
				6C300BE61AD3182E00D51544 /* NSString+Random.m in Sources */,
				6CB8FAAB1BEE671B00DCAB2E /* UIImage+Resize.m in Sources */,
				6CDA9F141AA9017E00D64EB0 /* BuildView.mm in Sources */,
				6C0F86DC1AA7C1330092FB18 /* ComponentShelfCollectionViewCell.m in Sources */,
				6CCA30B31AE10B5500CAF1AF /* FilesViewControllerCell.m in Sources */,
				6C172A421ACC256100BE1418 /* ControlView.m in Sources */,
				6C64D6FE1AD9394800012108 /* MasterModuleView.m in Sources */,
				6C1CF0E01AC206BD0004A2FA /* BuildViewHighlightLayer.m in Sources */,
				6CAD08421C637E9C006B4020 /* SequencerKnob.m in Sources */,
				6C2A5E251A8BF2CC00ECEAB2 /* AppDelegate.m in Sources */,
				6C0F86D81AA7BEB70092FB18 /* ComponentShelfView.m in Sources */,
				6C98BACD1C57A94900751CC6 /* SequencerLED.m in Sources */,
				6C6DB53D1AD6B48C0001343E /* ModuleCatalog.m in Sources */,
				6CB8283E1AC3077800610DD4 /* UIColor+Shades.m in Sources */,
				6C8DD2951AC0C9CC00320628 /* ModuleView.m in Sources */,
				6C64D7061AD9B0DD00012108 /* PresetController.m in Sources */,
				6C2A5E221A8BF2CC00ECEAB2 /* main.m in Sources */,
				6C7459021AE84D3200AEC106 /* BuildViewScrollView.m in Sources */,
				6C8DD2911AC0AB1200320628 /* RotaryEncoder.m in Sources */,
				83CF1FC51C444FF400C159C7 /* StateButton.m in Sources */,
				6C1CF0E31AC20A020004A2FA /* BuildViewCableLayer.m in Sources */,
				6C172A311ACC1EDD00BE1418 /* RotarySwitch.m in Sources */,
				6C0D48831AC3663D008AD869 /* KeyboardView.m in Sources */,
				6C1CF0DD1AC202F50004A2FA /* BuildViewGridLayer.m in Sources */,
				6C37DACC1C5908C300BF0C97 /* ModuleSubview.m in Sources */,
				6C37DAC91C5905F400BF0C97 /* SequencerSubview.m in Sources */,
				6C0F86D11AA7B2220092FB18 /* BuildViewController.m in Sources */,
				6C21D86A1ADD2AC000CCFDD4 /* UIView+Snapshot.m in Sources */,
			);
			runOnlyForDeploymentPostprocessing = 0;
		};
/* End PBXSourcesBuildPhase section */

/* Begin PBXVariantGroup section */
		6C2A5E2E1A8BF2CC00ECEAB2 /* LaunchScreen.xib */ = {
			isa = PBXVariantGroup;
			children = (
				6C2A5E2F1A8BF2CC00ECEAB2 /* Base */,
			);
			name = LaunchScreen.xib;
			sourceTree = "<group>";
		};
/* End PBXVariantGroup section */

/* Begin XCBuildConfiguration section */
		6C2A5E3D1A8BF2CC00ECEAB2 /* Debug */ = {
			isa = XCBuildConfiguration;
			buildSettings = {
				ALWAYS_SEARCH_USER_PATHS = NO;
				CLANG_CXX_LANGUAGE_STANDARD = "gnu++0x";
				CLANG_CXX_LIBRARY = "libc++";
				CLANG_ENABLE_MODULES = YES;
				CLANG_ENABLE_OBJC_ARC = YES;
				CLANG_WARN_BOOL_CONVERSION = YES;
				CLANG_WARN_CONSTANT_CONVERSION = YES;
				CLANG_WARN_DIRECT_OBJC_ISA_USAGE = YES_ERROR;
				CLANG_WARN_EMPTY_BODY = YES;
				CLANG_WARN_ENUM_CONVERSION = YES;
				CLANG_WARN_INT_CONVERSION = YES;
				CLANG_WARN_OBJC_ROOT_CLASS = YES_ERROR;
				CLANG_WARN_UNREACHABLE_CODE = YES;
				CLANG_WARN__DUPLICATE_METHOD_MATCH = YES;
				CODE_SIGN_IDENTITY = "iPhone Developer: Chris Rivers (FRM6PE8346)";
				"CODE_SIGN_IDENTITY[sdk=iphoneos*]" = "iPhone Developer: Chris Rivers (FRM6PE8346)";
				COPY_PHASE_STRIP = NO;
				ENABLE_STRICT_OBJC_MSGSEND = YES;
				ENABLE_TESTABILITY = YES;
				GCC_C_LANGUAGE_STANDARD = gnu99;
				GCC_DYNAMIC_NO_PIC = NO;
				GCC_OPTIMIZATION_LEVEL = 0;
				GCC_PREPROCESSOR_DEFINITIONS = (
					"DEBUG=1",
					"$(inherited)",
				);
				GCC_SYMBOLS_PRIVATE_EXTERN = NO;
				GCC_WARN_64_TO_32_BIT_CONVERSION = YES;
				GCC_WARN_ABOUT_RETURN_TYPE = YES_ERROR;
				GCC_WARN_UNDECLARED_SELECTOR = YES;
				GCC_WARN_UNINITIALIZED_AUTOS = YES_AGGRESSIVE;
				GCC_WARN_UNUSED_FUNCTION = YES;
				GCC_WARN_UNUSED_VARIABLE = YES;
				IPHONEOS_DEPLOYMENT_TARGET = 7.1;
				MTL_ENABLE_DEBUG_INFO = YES;
				ONLY_ACTIVE_ARCH = YES;
				PROVISIONING_PROFILE = "1c9104b8-ca52-40e4-bedb-e83b459cdb05";
				SDKROOT = iphoneos;
				TARGETED_DEVICE_FAMILY = "1,2";
			};
			name = Debug;
		};
		6C2A5E3E1A8BF2CC00ECEAB2 /* Release */ = {
			isa = XCBuildConfiguration;
			buildSettings = {
				ALWAYS_SEARCH_USER_PATHS = NO;
				CLANG_CXX_LANGUAGE_STANDARD = "gnu++0x";
				CLANG_CXX_LIBRARY = "libc++";
				CLANG_ENABLE_MODULES = YES;
				CLANG_ENABLE_OBJC_ARC = YES;
				CLANG_WARN_BOOL_CONVERSION = YES;
				CLANG_WARN_CONSTANT_CONVERSION = YES;
				CLANG_WARN_DIRECT_OBJC_ISA_USAGE = YES_ERROR;
				CLANG_WARN_EMPTY_BODY = YES;
				CLANG_WARN_ENUM_CONVERSION = YES;
				CLANG_WARN_INT_CONVERSION = YES;
				CLANG_WARN_OBJC_ROOT_CLASS = YES_ERROR;
				CLANG_WARN_UNREACHABLE_CODE = YES;
				CLANG_WARN__DUPLICATE_METHOD_MATCH = YES;
				CODE_SIGN_IDENTITY = "iPhone Developer: Chris Rivers (FRM6PE8346)";
				"CODE_SIGN_IDENTITY[sdk=iphoneos*]" = "iPhone Developer: Chris Rivers (FRM6PE8346)";
				COPY_PHASE_STRIP = YES;
				ENABLE_NS_ASSERTIONS = NO;
				ENABLE_STRICT_OBJC_MSGSEND = YES;
				GCC_C_LANGUAGE_STANDARD = gnu99;
				GCC_WARN_64_TO_32_BIT_CONVERSION = YES;
				GCC_WARN_ABOUT_RETURN_TYPE = YES_ERROR;
				GCC_WARN_UNDECLARED_SELECTOR = YES;
				GCC_WARN_UNINITIALIZED_AUTOS = YES_AGGRESSIVE;
				GCC_WARN_UNUSED_FUNCTION = YES;
				GCC_WARN_UNUSED_VARIABLE = YES;
				IPHONEOS_DEPLOYMENT_TARGET = 7.1;
				MTL_ENABLE_DEBUG_INFO = NO;
				PROVISIONING_PROFILE = "1c9104b8-ca52-40e4-bedb-e83b459cdb05";
				SDKROOT = iphoneos;
				TARGETED_DEVICE_FAMILY = "1,2";
				VALIDATE_PRODUCT = YES;
			};
			name = Release;
		};
		6C2A5E401A8BF2CC00ECEAB2 /* Debug */ = {
			isa = XCBuildConfiguration;
			buildSettings = {
				ALWAYS_SEARCH_USER_PATHS = YES;
				ASSETCATALOG_COMPILER_APPICON_NAME = AppIcon;
				CODE_SIGN_ENTITLEMENTS = ColaApp/ColaApp.entitlements;
				CODE_SIGN_IDENTITY = "iPhone Developer";
				"CODE_SIGN_IDENTITY[sdk=iphoneos*]" = "iPhone Developer";
				ENABLE_BITCODE = YES;
				HEADER_SEARCH_PATHS = (
					"$(inherited)",
					/Applications/Xcode.app/Contents/Developer/Toolchains/XcodeDefault.xctoolchain/usr/include,
					$CONFIGURATION_BUILD_DIR/include,
				);
				INFOPLIST_FILE = ColaApp/Info.plist;
				IPHONEOS_DEPLOYMENT_TARGET = 8.2;
				LD_RUNPATH_SEARCH_PATHS = "$(inherited) @executable_path/Frameworks";
				LIBRARY_SEARCH_PATHS = (
					"$(inherited)",
					"$(PROJECT_DIR)",
				);
				OTHER_LDFLAGS = "-ObjC";
				PRODUCT_BUNDLE_IDENTIFIER = com.lofionic.cola;
				PRODUCT_NAME = "$(TARGET_NAME)";
				PROVISIONING_PROFILE = "";
				TARGETED_DEVICE_FAMILY = "1,2";
			};
			name = Debug;
		};
		6C2A5E411A8BF2CC00ECEAB2 /* Release */ = {
			isa = XCBuildConfiguration;
			buildSettings = {
				ALWAYS_SEARCH_USER_PATHS = YES;
				ASSETCATALOG_COMPILER_APPICON_NAME = AppIcon;
				CODE_SIGN_ENTITLEMENTS = ColaApp/ColaApp.entitlements;
				CODE_SIGN_IDENTITY = "iPhone Developer";
				"CODE_SIGN_IDENTITY[sdk=iphoneos*]" = "iPhone Developer";
				ENABLE_BITCODE = YES;
				HEADER_SEARCH_PATHS = (
					"$(inherited)",
					/Applications/Xcode.app/Contents/Developer/Toolchains/XcodeDefault.xctoolchain/usr/include,
					$CONFIGURATION_BUILD_DIR/include,
				);
				INFOPLIST_FILE = ColaApp/Info.plist;
				IPHONEOS_DEPLOYMENT_TARGET = 8.2;
				LD_RUNPATH_SEARCH_PATHS = "$(inherited) @executable_path/Frameworks";
				LIBRARY_SEARCH_PATHS = (
					"$(inherited)",
					"$(PROJECT_DIR)",
				);
				OTHER_LDFLAGS = "-ObjC";
				PRODUCT_BUNDLE_IDENTIFIER = com.lofionic.cola;
				PRODUCT_NAME = "$(TARGET_NAME)";
				PROVISIONING_PROFILE = "";
				TARGETED_DEVICE_FAMILY = "1,2";
			};
			name = Release;
		};
/* End XCBuildConfiguration section */

/* Begin XCConfigurationList section */
		6C2A5E171A8BF2CC00ECEAB2 /* Build configuration list for PBXProject "ColaApp" */ = {
			isa = XCConfigurationList;
			buildConfigurations = (
				6C2A5E3D1A8BF2CC00ECEAB2 /* Debug */,
				6C2A5E3E1A8BF2CC00ECEAB2 /* Release */,
			);
			defaultConfigurationIsVisible = 0;
			defaultConfigurationName = Release;
		};
		6C2A5E3F1A8BF2CC00ECEAB2 /* Build configuration list for PBXNativeTarget "ColaApp" */ = {
			isa = XCConfigurationList;
			buildConfigurations = (
				6C2A5E401A8BF2CC00ECEAB2 /* Debug */,
				6C2A5E411A8BF2CC00ECEAB2 /* Release */,
			);
			defaultConfigurationIsVisible = 0;
			defaultConfigurationName = Release;
		};
/* End XCConfigurationList section */
	};
	rootObject = 6C2A5E141A8BF2CC00ECEAB2 /* Project object */;
}
